
Microsoft Visual Studio Solution File, Format Version 12.00
# Visual Studio 15
VisualStudioVersion = 15.0.28307.757
MinimumVisualStudioVersion = 10.0.40219.1
Project("{8BC9CEB8-8B4A-11D0-8D11-00A0C91BC942}") = "arrayone", "learning_C++_charpter4\learning_C++_charpter4.vcxproj", "{9331C6C1-96EC-42BC-A633-A7A10D91D40D}"
EndProject
Project("{8BC9CEB8-8B4A-11D0-8D11-00A0C91BC942}") = "string", "string\string.vcxproj", "{013C368D-0751-4EE6-B651-AF24C79DD42E}"
EndProject
Project("{8BC9CEB8-8B4A-11D0-8D11-00A0C91BC942}") = "instr1", "instr1\instr1.vcxproj", "{65BC6A77-E899-4DF2-BF67-203E94826384}"
EndProject
Project("{8BC9CEB8-8B4A-11D0-8D11-00A0C91BC942}") = "instr2", "instr2\instr2.vcxproj", "{0510C77B-DFD5-4BB4-91F6-B7C71F36C60D}"
EndProject
Project("{8BC9CEB8-8B4A-11D0-8D11-00A0C91BC942}") = "numstr", "numstr\numstr.vcxproj", "{9E96488C-9D8C-4908-AE9E-D1900282D17D}"
EndProject
Project("{8BC9CEB8-8B4A-11D0-8D11-00A0C91BC942}") = "strtype2", "strtype2\strtype2.vcxproj", "{63399B68-987A-49D3-BEAF-BC935202700A}"
EndProject
Project("{8BC9CEB8-8B4A-11D0-8D11-00A0C91BC942}") = "strtype3", "strtype3\strtype3.vcxproj", "{B7287112-C45D-40AD-A30A-87DC3B710239}"
EndProject
Project("{8BC9CEB8-8B4A-11D0-8D11-00A0C91BC942}") = "structur", "structur\structur.vcxproj", "{4DA6051C-1C76-4BA7-B911-957F8D195AD3}"
EndProject
Project("{8BC9CEB8-8B4A-11D0-8D11-00A0C91BC942}") = "assgn_st", "assgn_st\assgn_st.vcxproj", "{CFA8A71D-EDCB-4ECA-97AE-079B9AF8B0EE}"
EndProject
Project("{8BC9CEB8-8B4A-11D0-8D11-00A0C91BC942}") = "arrstruc", "arrstruc\arrstruc.vcxproj", "{88FEF63B-84D1-4C03-9B75-5BE4B209E995}"
EndProject
Project("{8BC9CEB8-8B4A-11D0-8D11-00A0C91BC942}") = "address", "address\address.vcxproj", "{2FCE424D-120D-4053-A092-3AFEC0395B14}"
EndProject
Project("{8BC9CEB8-8B4A-11D0-8D11-00A0C91BC942}") = "pointer", "pointer\pointer.vcxproj", "{59339A12-C898-45E2-A145-9642CFB2B1FE}"
EndProject
Project("{8BC9CEB8-8B4A-11D0-8D11-00A0C91BC942}") = "init_ptr", "init_ptr\init_ptr.vcxproj", "{F1319109-A19E-4571-BDCC-141075D0E0FF}"
EndProject
Project("{8BC9CEB8-8B4A-11D0-8D11-00A0C91BC942}") = "use_new", "use_new\use_new.vcxproj", "{58949828-EF63-493C-9159-DFF88B2D9A64}"
EndProject
Project("{8BC9CEB8-8B4A-11D0-8D11-00A0C91BC942}") = "arraynew", "arraynew\arraynew.vcxproj", "{A18C0354-97E7-499A-82F8-B945AC0AC0D5}"
EndProject
Project("{8BC9CEB8-8B4A-11D0-8D11-00A0C91BC942}") = "ptrstr", "ptrstr\ptrstr.vcxproj", "{1B79BFB4-038B-484E-A41F-8FFBBB6CF7C7}"
EndProject
Project("{8BC9CEB8-8B4A-11D0-8D11-00A0C91BC942}") = "newstruct", "newstruct\newstruct.vcxproj", "{7069A626-0C88-4367-A9A1-9CFEDF9DBC28}"
EndProject
Project("{8BC9CEB8-8B4A-11D0-8D11-00A0C91BC942}") = "delete", "delete\delete.vcxproj", "{7C9514DE-AD88-4CAE-AD8B-79AC55DC645A}"
EndProject
Project("{8BC9CEB8-8B4A-11D0-8D11-00A0C91BC942}") = "mixtypes", "mixtypes\mixtypes.vcxproj", "{2B4D3703-9E03-491A-A014-78C6C497B971}"
EndProject
Project("{8BC9CEB8-8B4A-11D0-8D11-00A0C91BC942}") = "choices", "choices\choices.vcxproj", "{E7736DD2-8366-4258-B220-662BF03C8115}"
EndProject
Project("{8BC9CEB8-8B4A-11D0-8D11-00A0C91BC942}") = "demo1", "demo1\demo1.vcxproj", "{3F31EBAC-7E94-4826-8B35-B0E33E047AC9}"
EndProject
Project("{8BC9CEB8-8B4A-11D0-8D11-00A0C91BC942}") = "demo2", "demo2\demo2.vcxproj", "{DFEA9A65-4FD7-49D3-84D7-B6E8872C9020}"
EndProject
Project("{8BC9CEB8-8B4A-11D0-8D11-00A0C91BC942}") = "demo3", "demo3\demo3.vcxproj", "{16117F12-71D0-400C-9EB7-509474CF12B7}"
EndProject
Project("{8BC9CEB8-8B4A-11D0-8D11-00A0C91BC942}") = "demo5", "demo5\demo5.vcxproj", "{16937451-E64D-4A80-87ED-0E8C66D6998D}"
EndProject
Project("{8BC9CEB8-8B4A-11D0-8D11-00A0C91BC942}") = "demo7", "demo7\demo7.vcxproj", "{DCA19280-EA8E-4A6D-890D-1966399C4A9F}"
EndProject
Project("{8BC9CEB8-8B4A-11D0-8D11-00A0C91BC942}") = "demo8", "demo8\demo8.vcxproj", "{182760E4-9FB1-49B7-B64A-BE330CBC4ABC}"
EndProject
Project("{8BC9CEB8-8B4A-11D0-8D11-00A0C91BC942}") = "demo10", "demo10\demo10.vcxproj", "{B29E1C58-F981-4CE2-BB46-208FAC423D3F}"
EndProject
Global
	GlobalSection(SolutionConfigurationPlatforms) = preSolution
		Debug|x64 = Debug|x64
		Debug|x86 = Debug|x86
		Release|x64 = Release|x64
		Release|x86 = Release|x86
	EndGlobalSection
	GlobalSection(ProjectConfigurationPlatforms) = postSolution
		{9331C6C1-96EC-42BC-A633-A7A10D91D40D}.Debug|x64.ActiveCfg = Debug|x64
		{9331C6C1-96EC-42BC-A633-A7A10D91D40D}.Debug|x64.Build.0 = Debug|x64
		{9331C6C1-96EC-42BC-A633-A7A10D91D40D}.Debug|x86.ActiveCfg = Debug|Win32
		{9331C6C1-96EC-42BC-A633-A7A10D91D40D}.Debug|x86.Build.0 = Debug|Win32
		{9331C6C1-96EC-42BC-A633-A7A10D91D40D}.Release|x64.ActiveCfg = Release|x64
		{9331C6C1-96EC-42BC-A633-A7A10D91D40D}.Release|x64.Build.0 = Release|x64
		{9331C6C1-96EC-42BC-A633-A7A10D91D40D}.Release|x86.ActiveCfg = Release|Win32
		{9331C6C1-96EC-42BC-A633-A7A10D91D40D}.Release|x86.Build.0 = Release|Win32
		{013C368D-0751-4EE6-B651-AF24C79DD42E}.Debug|x64.ActiveCfg = Debug|x64
		{013C368D-0751-4EE6-B651-AF24C79DD42E}.Debug|x64.Build.0 = Debug|x64
		{013C368D-0751-4EE6-B651-AF24C79DD42E}.Debug|x86.ActiveCfg = Debug|Win32
		{013C368D-0751-4EE6-B651-AF24C79DD42E}.Debug|x86.Build.0 = Debug|Win32
		{013C368D-0751-4EE6-B651-AF24C79DD42E}.Release|x64.ActiveCfg = Release|x64
		{013C368D-0751-4EE6-B651-AF24C79DD42E}.Release|x64.Build.0 = Release|x64
		{013C368D-0751-4EE6-B651-AF24C79DD42E}.Release|x86.ActiveCfg = Release|Win32
		{013C368D-0751-4EE6-B651-AF24C79DD42E}.Release|x86.Build.0 = Release|Win32
		{65BC6A77-E899-4DF2-BF67-203E94826384}.Debug|x64.ActiveCfg = Debug|x64
		{65BC6A77-E899-4DF2-BF67-203E94826384}.Debug|x64.Build.0 = Debug|x64
		{65BC6A77-E899-4DF2-BF67-203E94826384}.Debug|x86.ActiveCfg = Debug|Win32
		{65BC6A77-E899-4DF2-BF67-203E94826384}.Debug|x86.Build.0 = Debug|Win32
		{65BC6A77-E899-4DF2-BF67-203E94826384}.Release|x64.ActiveCfg = Release|x64
		{65BC6A77-E899-4DF2-BF67-203E94826384}.Release|x64.Build.0 = Release|x64
		{65BC6A77-E899-4DF2-BF67-203E94826384}.Release|x86.ActiveCfg = Release|Win32
		{65BC6A77-E899-4DF2-BF67-203E94826384}.Release|x86.Build.0 = Release|Win32
		{0510C77B-DFD5-4BB4-91F6-B7C71F36C60D}.Debug|x64.ActiveCfg = Debug|x64
		{0510C77B-DFD5-4BB4-91F6-B7C71F36C60D}.Debug|x64.Build.0 = Debug|x64
		{0510C77B-DFD5-4BB4-91F6-B7C71F36C60D}.Debug|x86.ActiveCfg = Debug|Win32
		{0510C77B-DFD5-4BB4-91F6-B7C71F36C60D}.Debug|x86.Build.0 = Debug|Win32
		{0510C77B-DFD5-4BB4-91F6-B7C71F36C60D}.Release|x64.ActiveCfg = Release|x64
		{0510C77B-DFD5-4BB4-91F6-B7C71F36C60D}.Release|x64.Build.0 = Release|x64
		{0510C77B-DFD5-4BB4-91F6-B7C71F36C60D}.Release|x86.ActiveCfg = Release|Win32
		{0510C77B-DFD5-4BB4-91F6-B7C71F36C60D}.Release|x86.Build.0 = Release|Win32
		{9E96488C-9D8C-4908-AE9E-D1900282D17D}.Debug|x64.ActiveCfg = Debug|x64
		{9E96488C-9D8C-4908-AE9E-D1900282D17D}.Debug|x64.Build.0 = Debug|x64
		{9E96488C-9D8C-4908-AE9E-D1900282D17D}.Debug|x86.ActiveCfg = Debug|Win32
		{9E96488C-9D8C-4908-AE9E-D1900282D17D}.Debug|x86.Build.0 = Debug|Win32
		{9E96488C-9D8C-4908-AE9E-D1900282D17D}.Release|x64.ActiveCfg = Release|x64
		{9E96488C-9D8C-4908-AE9E-D1900282D17D}.Release|x64.Build.0 = Release|x64
		{9E96488C-9D8C-4908-AE9E-D1900282D17D}.Release|x86.ActiveCfg = Release|Win32
		{9E96488C-9D8C-4908-AE9E-D1900282D17D}.Release|x86.Build.0 = Release|Win32
		{63399B68-987A-49D3-BEAF-BC935202700A}.Debug|x64.ActiveCfg = Debug|x64
		{63399B68-987A-49D3-BEAF-BC935202700A}.Debug|x64.Build.0 = Debug|x64
		{63399B68-987A-49D3-BEAF-BC935202700A}.Debug|x86.ActiveCfg = Debug|Win32
		{63399B68-987A-49D3-BEAF-BC935202700A}.Debug|x86.Build.0 = Debug|Win32
		{63399B68-987A-49D3-BEAF-BC935202700A}.Release|x64.ActiveCfg = Release|x64
		{63399B68-987A-49D3-BEAF-BC935202700A}.Release|x64.Build.0 = Release|x64
		{63399B68-987A-49D3-BEAF-BC935202700A}.Release|x86.ActiveCfg = Release|Win32
		{63399B68-987A-49D3-BEAF-BC935202700A}.Release|x86.Build.0 = Release|Win32
		{B7287112-C45D-40AD-A30A-87DC3B710239}.Debug|x64.ActiveCfg = Debug|x64
		{B7287112-C45D-40AD-A30A-87DC3B710239}.Debug|x64.Build.0 = Debug|x64
		{B7287112-C45D-40AD-A30A-87DC3B710239}.Debug|x86.ActiveCfg = Debug|Win32
		{B7287112-C45D-40AD-A30A-87DC3B710239}.Debug|x86.Build.0 = Debug|Win32
		{B7287112-C45D-40AD-A30A-87DC3B710239}.Release|x64.ActiveCfg = Release|x64
		{B7287112-C45D-40AD-A30A-87DC3B710239}.Release|x64.Build.0 = Release|x64
		{B7287112-C45D-40AD-A30A-87DC3B710239}.Release|x86.ActiveCfg = Release|Win32
		{B7287112-C45D-40AD-A30A-87DC3B710239}.Release|x86.Build.0 = Release|Win32
		{4DA6051C-1C76-4BA7-B911-957F8D195AD3}.Debug|x64.ActiveCfg = Debug|x64
		{4DA6051C-1C76-4BA7-B911-957F8D195AD3}.Debug|x64.Build.0 = Debug|x64
		{4DA6051C-1C76-4BA7-B911-957F8D195AD3}.Debug|x86.ActiveCfg = Debug|Win32
		{4DA6051C-1C76-4BA7-B911-957F8D195AD3}.Debug|x86.Build.0 = Debug|Win32
		{4DA6051C-1C76-4BA7-B911-957F8D195AD3}.Release|x64.ActiveCfg = Release|x64
		{4DA6051C-1C76-4BA7-B911-957F8D195AD3}.Release|x64.Build.0 = Release|x64
		{4DA6051C-1C76-4BA7-B911-957F8D195AD3}.Release|x86.ActiveCfg = Release|Win32
		{4DA6051C-1C76-4BA7-B911-957F8D195AD3}.Release|x86.Build.0 = Release|Win32
		{CFA8A71D-EDCB-4ECA-97AE-079B9AF8B0EE}.Debug|x64.ActiveCfg = Debug|x64
		{CFA8A71D-EDCB-4ECA-97AE-079B9AF8B0EE}.Debug|x64.Build.0 = Debug|x64
		{CFA8A71D-EDCB-4ECA-97AE-079B9AF8B0EE}.Debug|x86.ActiveCfg = Debug|Win32
		{CFA8A71D-EDCB-4ECA-97AE-079B9AF8B0EE}.Debug|x86.Build.0 = Debug|Win32
		{CFA8A71D-EDCB-4ECA-97AE-079B9AF8B0EE}.Release|x64.ActiveCfg = Release|x64
		{CFA8A71D-EDCB-4ECA-97AE-079B9AF8B0EE}.Release|x64.Build.0 = Release|x64
		{CFA8A71D-EDCB-4ECA-97AE-079B9AF8B0EE}.Release|x86.ActiveCfg = Release|Win32
		{CFA8A71D-EDCB-4ECA-97AE-079B9AF8B0EE}.Release|x86.Build.0 = Release|Win32
		{88FEF63B-84D1-4C03-9B75-5BE4B209E995}.Debug|x64.ActiveCfg = Debug|x64
		{88FEF63B-84D1-4C03-9B75-5BE4B209E995}.Debug|x64.Build.0 = Debug|x64
		{88FEF63B-84D1-4C03-9B75-5BE4B209E995}.Debug|x86.ActiveCfg = Debug|Win32
		{88FEF63B-84D1-4C03-9B75-5BE4B209E995}.Debug|x86.Build.0 = Debug|Win32
		{88FEF63B-84D1-4C03-9B75-5BE4B209E995}.Release|x64.ActiveCfg = Release|x64
		{88FEF63B-84D1-4C03-9B75-5BE4B209E995}.Release|x64.Build.0 = Release|x64
		{88FEF63B-84D1-4C03-9B75-5BE4B209E995}.Release|x86.ActiveCfg = Release|Win32
		{88FEF63B-84D1-4C03-9B75-5BE4B209E995}.Release|x86.Build.0 = Release|Win32
		{2FCE424D-120D-4053-A092-3AFEC0395B14}.Debug|x64.ActiveCfg = Debug|x64
		{2FCE424D-120D-4053-A092-3AFEC0395B14}.Debug|x64.Build.0 = Debug|x64
		{2FCE424D-120D-4053-A092-3AFEC0395B14}.Debug|x86.ActiveCfg = Debug|Win32
		{2FCE424D-120D-4053-A092-3AFEC0395B14}.Debug|x86.Build.0 = Debug|Win32
		{2FCE424D-120D-4053-A092-3AFEC0395B14}.Release|x64.ActiveCfg = Release|x64
		{2FCE424D-120D-4053-A092-3AFEC0395B14}.Release|x64.Build.0 = Release|x64
		{2FCE424D-120D-4053-A092-3AFEC0395B14}.Release|x86.ActiveCfg = Release|Win32
		{2FCE424D-120D-4053-A092-3AFEC0395B14}.Release|x86.Build.0 = Release|Win32
		{59339A12-C898-45E2-A145-9642CFB2B1FE}.Debug|x64.ActiveCfg = Debug|x64
		{59339A12-C898-45E2-A145-9642CFB2B1FE}.Debug|x64.Build.0 = Debug|x64
		{59339A12-C898-45E2-A145-9642CFB2B1FE}.Debug|x86.ActiveCfg = Debug|Win32
		{59339A12-C898-45E2-A145-9642CFB2B1FE}.Debug|x86.Build.0 = Debug|Win32
		{59339A12-C898-45E2-A145-9642CFB2B1FE}.Release|x64.ActiveCfg = Release|x64
		{59339A12-C898-45E2-A145-9642CFB2B1FE}.Release|x64.Build.0 = Release|x64
		{59339A12-C898-45E2-A145-9642CFB2B1FE}.Release|x86.ActiveCfg = Release|Win32
		{59339A12-C898-45E2-A145-9642CFB2B1FE}.Release|x86.Build.0 = Release|Win32
		{F1319109-A19E-4571-BDCC-141075D0E0FF}.Debug|x64.ActiveCfg = Debug|x64
		{F1319109-A19E-4571-BDCC-141075D0E0FF}.Debug|x64.Build.0 = Debug|x64
		{F1319109-A19E-4571-BDCC-141075D0E0FF}.Debug|x86.ActiveCfg = Debug|Win32
		{F1319109-A19E-4571-BDCC-141075D0E0FF}.Debug|x86.Build.0 = Debug|Win32
		{F1319109-A19E-4571-BDCC-141075D0E0FF}.Release|x64.ActiveCfg = Release|x64
		{F1319109-A19E-4571-BDCC-141075D0E0FF}.Release|x64.Build.0 = Release|x64
		{F1319109-A19E-4571-BDCC-141075D0E0FF}.Release|x86.ActiveCfg = Release|Win32
		{F1319109-A19E-4571-BDCC-141075D0E0FF}.Release|x86.Build.0 = Release|Win32
		{58949828-EF63-493C-9159-DFF88B2D9A64}.Debug|x64.ActiveCfg = Debug|x64
		{58949828-EF63-493C-9159-DFF88B2D9A64}.Debug|x64.Build.0 = Debug|x64
		{58949828-EF63-493C-9159-DFF88B2D9A64}.Debug|x86.ActiveCfg = Debug|Win32
		{58949828-EF63-493C-9159-DFF88B2D9A64}.Debug|x86.Build.0 = Debug|Win32
		{58949828-EF63-493C-9159-DFF88B2D9A64}.Release|x64.ActiveCfg = Release|x64
		{58949828-EF63-493C-9159-DFF88B2D9A64}.Release|x64.Build.0 = Release|x64
		{58949828-EF63-493C-9159-DFF88B2D9A64}.Release|x86.ActiveCfg = Release|Win32
		{58949828-EF63-493C-9159-DFF88B2D9A64}.Release|x86.Build.0 = Release|Win32
		{A18C0354-97E7-499A-82F8-B945AC0AC0D5}.Debug|x64.ActiveCfg = Debug|x64
		{A18C0354-97E7-499A-82F8-B945AC0AC0D5}.Debug|x64.Build.0 = Debug|x64
		{A18C0354-97E7-499A-82F8-B945AC0AC0D5}.Debug|x86.ActiveCfg = Debug|Win32
		{A18C0354-97E7-499A-82F8-B945AC0AC0D5}.Debug|x86.Build.0 = Debug|Win32
		{A18C0354-97E7-499A-82F8-B945AC0AC0D5}.Release|x64.ActiveCfg = Release|x64
		{A18C0354-97E7-499A-82F8-B945AC0AC0D5}.Release|x64.Build.0 = Release|x64
		{A18C0354-97E7-499A-82F8-B945AC0AC0D5}.Release|x86.ActiveCfg = Release|Win32
		{A18C0354-97E7-499A-82F8-B945AC0AC0D5}.Release|x86.Build.0 = Release|Win32
		{1B79BFB4-038B-484E-A41F-8FFBBB6CF7C7}.Debug|x64.ActiveCfg = Debug|x64
		{1B79BFB4-038B-484E-A41F-8FFBBB6CF7C7}.Debug|x64.Build.0 = Debug|x64
		{1B79BFB4-038B-484E-A41F-8FFBBB6CF7C7}.Debug|x86.ActiveCfg = Debug|Win32
		{1B79BFB4-038B-484E-A41F-8FFBBB6CF7C7}.Debug|x86.Build.0 = Debug|Win32
		{1B79BFB4-038B-484E-A41F-8FFBBB6CF7C7}.Release|x64.ActiveCfg = Release|x64
		{1B79BFB4-038B-484E-A41F-8FFBBB6CF7C7}.Release|x64.Build.0 = Release|x64
		{1B79BFB4-038B-484E-A41F-8FFBBB6CF7C7}.Release|x86.ActiveCfg = Release|Win32
		{1B79BFB4-038B-484E-A41F-8FFBBB6CF7C7}.Release|x86.Build.0 = Release|Win32
		{7069A626-0C88-4367-A9A1-9CFEDF9DBC28}.Debug|x64.ActiveCfg = Debug|x64
		{7069A626-0C88-4367-A9A1-9CFEDF9DBC28}.Debug|x64.Build.0 = Debug|x64
		{7069A626-0C88-4367-A9A1-9CFEDF9DBC28}.Debug|x86.ActiveCfg = Debug|Win32
		{7069A626-0C88-4367-A9A1-9CFEDF9DBC28}.Debug|x86.Build.0 = Debug|Win32
		{7069A626-0C88-4367-A9A1-9CFEDF9DBC28}.Release|x64.ActiveCfg = Release|x64
		{7069A626-0C88-4367-A9A1-9CFEDF9DBC28}.Release|x64.Build.0 = Release|x64
		{7069A626-0C88-4367-A9A1-9CFEDF9DBC28}.Release|x86.ActiveCfg = Release|Win32
		{7069A626-0C88-4367-A9A1-9CFEDF9DBC28}.Release|x86.Build.0 = Release|Win32
		{7C9514DE-AD88-4CAE-AD8B-79AC55DC645A}.Debug|x64.ActiveCfg = Debug|x64
		{7C9514DE-AD88-4CAE-AD8B-79AC55DC645A}.Debug|x64.Build.0 = Debug|x64
		{7C9514DE-AD88-4CAE-AD8B-79AC55DC645A}.Debug|x86.ActiveCfg = Debug|Win32
		{7C9514DE-AD88-4CAE-AD8B-79AC55DC645A}.Debug|x86.Build.0 = Debug|Win32
		{7C9514DE-AD88-4CAE-AD8B-79AC55DC645A}.Release|x64.ActiveCfg = Release|x64
		{7C9514DE-AD88-4CAE-AD8B-79AC55DC645A}.Release|x64.Build.0 = Release|x64
		{7C9514DE-AD88-4CAE-AD8B-79AC55DC645A}.Release|x86.ActiveCfg = Release|Win32
		{7C9514DE-AD88-4CAE-AD8B-79AC55DC645A}.Release|x86.Build.0 = Release|Win32
		{2B4D3703-9E03-491A-A014-78C6C497B971}.Debug|x64.ActiveCfg = Debug|x64
		{2B4D3703-9E03-491A-A014-78C6C497B971}.Debug|x64.Build.0 = Debug|x64
		{2B4D3703-9E03-491A-A014-78C6C497B971}.Debug|x86.ActiveCfg = Debug|Win32
		{2B4D3703-9E03-491A-A014-78C6C497B971}.Debug|x86.Build.0 = Debug|Win32
		{2B4D3703-9E03-491A-A014-78C6C497B971}.Release|x64.ActiveCfg = Release|x64
		{2B4D3703-9E03-491A-A014-78C6C497B971}.Release|x64.Build.0 = Release|x64
		{2B4D3703-9E03-491A-A014-78C6C497B971}.Release|x86.ActiveCfg = Release|Win32
		{2B4D3703-9E03-491A-A014-78C6C497B971}.Release|x86.Build.0 = Release|Win32
		{E7736DD2-8366-4258-B220-662BF03C8115}.Debug|x64.ActiveCfg = Debug|x64
		{E7736DD2-8366-4258-B220-662BF03C8115}.Debug|x64.Build.0 = Debug|x64
		{E7736DD2-8366-4258-B220-662BF03C8115}.Debug|x86.ActiveCfg = Debug|Win32
		{E7736DD2-8366-4258-B220-662BF03C8115}.Debug|x86.Build.0 = Debug|Win32
		{E7736DD2-8366-4258-B220-662BF03C8115}.Release|x64.ActiveCfg = Release|x64
		{E7736DD2-8366-4258-B220-662BF03C8115}.Release|x64.Build.0 = Release|x64
		{E7736DD2-8366-4258-B220-662BF03C8115}.Release|x86.ActiveCfg = Release|Win32
		{E7736DD2-8366-4258-B220-662BF03C8115}.Release|x86.Build.0 = Release|Win32
		{3F31EBAC-7E94-4826-8B35-B0E33E047AC9}.Debug|x64.ActiveCfg = Debug|x64
		{3F31EBAC-7E94-4826-8B35-B0E33E047AC9}.Debug|x64.Build.0 = Debug|x64
		{3F31EBAC-7E94-4826-8B35-B0E33E047AC9}.Debug|x86.ActiveCfg = Debug|Win32
		{3F31EBAC-7E94-4826-8B35-B0E33E047AC9}.Debug|x86.Build.0 = Debug|Win32
		{3F31EBAC-7E94-4826-8B35-B0E33E047AC9}.Release|x64.ActiveCfg = Release|x64
		{3F31EBAC-7E94-4826-8B35-B0E33E047AC9}.Release|x64.Build.0 = Release|x64
		{3F31EBAC-7E94-4826-8B35-B0E33E047AC9}.Release|x86.ActiveCfg = Release|Win32
		{3F31EBAC-7E94-4826-8B35-B0E33E047AC9}.Release|x86.Build.0 = Release|Win32
		{DFEA9A65-4FD7-49D3-84D7-B6E8872C9020}.Debug|x64.ActiveCfg = Debug|x64
		{DFEA9A65-4FD7-49D3-84D7-B6E8872C9020}.Debug|x64.Build.0 = Debug|x64
		{DFEA9A65-4FD7-49D3-84D7-B6E8872C9020}.Debug|x86.ActiveCfg = Debug|Win32
		{DFEA9A65-4FD7-49D3-84D7-B6E8872C9020}.Debug|x86.Build.0 = Debug|Win32
		{DFEA9A65-4FD7-49D3-84D7-B6E8872C9020}.Release|x64.ActiveCfg = Release|x64
		{DFEA9A65-4FD7-49D3-84D7-B6E8872C9020}.Release|x64.Build.0 = Release|x64
		{DFEA9A65-4FD7-49D3-84D7-B6E8872C9020}.Release|x86.ActiveCfg = Release|Win32
		{DFEA9A65-4FD7-49D3-84D7-B6E8872C9020}.Release|x86.Build.0 = Release|Win32
		{16117F12-71D0-400C-9EB7-509474CF12B7}.Debug|x64.ActiveCfg = Debug|x64
		{16117F12-71D0-400C-9EB7-509474CF12B7}.Debug|x64.Build.0 = Debug|x64
		{16117F12-71D0-400C-9EB7-509474CF12B7}.Debug|x86.ActiveCfg = Debug|Win32
		{16117F12-71D0-400C-9EB7-509474CF12B7}.Debug|x86.Build.0 = Debug|Win32
		{16117F12-71D0-400C-9EB7-509474CF12B7}.Release|x64.ActiveCfg = Release|x64
		{16117F12-71D0-400C-9EB7-509474CF12B7}.Release|x64.Build.0 = Release|x64
		{16117F12-71D0-400C-9EB7-509474CF12B7}.Release|x86.ActiveCfg = Release|Win32
		{16117F12-71D0-400C-9EB7-509474CF12B7}.Release|x86.Build.0 = Release|Win32
		{16937451-E64D-4A80-87ED-0E8C66D6998D}.Debug|x64.ActiveCfg = Debug|x64
		{16937451-E64D-4A80-87ED-0E8C66D6998D}.Debug|x64.Build.0 = Debug|x64
		{16937451-E64D-4A80-87ED-0E8C66D6998D}.Debug|x86.ActiveCfg = Debug|Win32
		{16937451-E64D-4A80-87ED-0E8C66D6998D}.Debug|x86.Build.0 = Debug|Win32
		{16937451-E64D-4A80-87ED-0E8C66D6998D}.Release|x64.ActiveCfg = Release|x64
		{16937451-E64D-4A80-87ED-0E8C66D6998D}.Release|x64.Build.0 = Release|x64
		{16937451-E64D-4A80-87ED-0E8C66D6998D}.Release|x86.ActiveCfg = Release|Win32
		{16937451-E64D-4A80-87ED-0E8C66D6998D}.Release|x86.Build.0 = Release|Win32
		{DCA19280-EA8E-4A6D-890D-1966399C4A9F}.Debug|x64.ActiveCfg = Debug|x64
		{DCA19280-EA8E-4A6D-890D-1966399C4A9F}.Debug|x64.Build.0 = Debug|x64
		{DCA19280-EA8E-4A6D-890D-1966399C4A9F}.Debug|x86.ActiveCfg = Debug|Win32
		{DCA19280-EA8E-4A6D-890D-1966399C4A9F}.Debug|x86.Build.0 = Debug|Win32
		{DCA19280-EA8E-4A6D-890D-1966399C4A9F}.Release|x64.ActiveCfg = Release|x64
		{DCA19280-EA8E-4A6D-890D-1966399C4A9F}.Release|x64.Build.0 = Release|x64
		{DCA19280-EA8E-4A6D-890D-1966399C4A9F}.Release|x86.ActiveCfg = Release|Win32
		{DCA19280-EA8E-4A6D-890D-1966399C4A9F}.Release|x86.Build.0 = Release|Win32
		{182760E4-9FB1-49B7-B64A-BE330CBC4ABC}.Debug|x64.ActiveCfg = Debug|x64
		{182760E4-9FB1-49B7-B64A-BE330CBC4ABC}.Debug|x64.Build.0 = Debug|x64
		{182760E4-9FB1-49B7-B64A-BE330CBC4ABC}.Debug|x86.ActiveCfg = Debug|Win32
		{182760E4-9FB1-49B7-B64A-BE330CBC4ABC}.Debug|x86.Build.0 = Debug|Win32
		{182760E4-9FB1-49B7-B64A-BE330CBC4ABC}.Release|x64.ActiveCfg = Release|x64
		{182760E4-9FB1-49B7-B64A-BE330CBC4ABC}.Release|x64.Build.0 = Release|x64
		{182760E4-9FB1-49B7-B64A-BE330CBC4ABC}.Release|x86.ActiveCfg = Release|Win32
		{182760E4-9FB1-49B7-B64A-BE330CBC4ABC}.Release|x86.Build.0 = Release|Win32
		{B29E1C58-F981-4CE2-BB46-208FAC423D3F}.Debug|x64.ActiveCfg = Debug|x64
		{B29E1C58-F981-4CE2-BB46-208FAC423D3F}.Debug|x64.Build.0 = Debug|x64
		{B29E1C58-F981-4CE2-BB46-208FAC423D3F}.Debug|x86.ActiveCfg = Debug|Win32
		{B29E1C58-F981-4CE2-BB46-208FAC423D3F}.Debug|x86.Build.0 = Debug|Win32
		{B29E1C58-F981-4CE2-BB46-208FAC423D3F}.Release|x64.ActiveCfg = Release|x64
		{B29E1C58-F981-4CE2-BB46-208FAC423D3F}.Release|x64.Build.0 = Release|x64
		{B29E1C58-F981-4CE2-BB46-208FAC423D3F}.Release|x86.ActiveCfg = Release|Win32
		{B29E1C58-F981-4CE2-BB46-208FAC423D3F}.Release|x86.Build.0 = Release|Win32
	EndGlobalSection
	GlobalSection(SolutionProperties) = preSolution
		HideSolutionNode = FALSE
	EndGlobalSection
	GlobalSection(ExtensibilityGlobals) = postSolution
		SolutionGuid = {278F4702-AA05-4F95-87D2-E5DE00AD409F}
	EndGlobalSection
EndGlobal
