
Microsoft Visual Studio Solution File, Format Version 12.00
# Visual Studio 15
VisualStudioVersion = 15.0.28307.757
MinimumVisualStudioVersion = 10.0.40219.1
Project("{8BC9CEB8-8B4A-11D0-8D11-00A0C91BC942}") = "limits", "learn_C++_charpter3\learn_C++_charpter3.vcxproj", "{240457B2-EBE0-430D-8DB0-84792F308192}"
EndProject
Project("{8BC9CEB8-8B4A-11D0-8D11-00A0C91BC942}") = "exceed", "exceed\exceed.vcxproj", "{E7B30CD7-8DA8-44F5-93F7-6AD481F2A743}"
EndProject
Project("{8BC9CEB8-8B4A-11D0-8D11-00A0C91BC942}") = "hexoct", "hexoct\hexoct.vcxproj", "{58A39CCE-184A-4F4C-B845-45F5489CD72E}"
EndProject
Project("{8BC9CEB8-8B4A-11D0-8D11-00A0C91BC942}") = "hexoct2", "hexoct2\hexoct2.vcxproj", "{DD22C987-C549-4216-A1CF-B8AFD2E1FFEC}"
EndProject
Project("{8BC9CEB8-8B4A-11D0-8D11-00A0C91BC942}") = "chartype", "chartype\chartype.vcxproj", "{9EF95558-79BC-4D80-9509-2C3AAAF7E967}"
EndProject
Project("{8BC9CEB8-8B4A-11D0-8D11-00A0C91BC942}") = "morechar", "morechar\morechar.vcxproj", "{468CEE6A-7753-4C78-B87A-3A0D72E486B4}"
EndProject
Project("{8BC9CEB8-8B4A-11D0-8D11-00A0C91BC942}") = "bondini", "bondini\bondini.vcxproj", "{57AD6F4A-B3AA-47E3-9D84-DAFF15B3CC5C}"
EndProject
Project("{8BC9CEB8-8B4A-11D0-8D11-00A0C91BC942}") = "floatnum", "floatnum\floatnum.vcxproj", "{80EDE41F-6F69-4006-83E5-E28C9A4A577E}"
EndProject
Project("{8BC9CEB8-8B4A-11D0-8D11-00A0C91BC942}") = "fltadd", "fltadd\fltadd.vcxproj", "{237D9ED4-6B93-4A2D-9379-FD80EA092C2B}"
EndProject
Project("{8BC9CEB8-8B4A-11D0-8D11-00A0C91BC942}") = "assign", "assign\assign.vcxproj", "{0BF802AE-B079-4DB4-A43D-087015CFB9FA}"
EndProject
Project("{8BC9CEB8-8B4A-11D0-8D11-00A0C91BC942}") = "typecast", "typecast\typecast.vcxproj", "{7E36F54F-715D-4E08-80DE-3D672F7313EB}"
EndProject
Project("{8BC9CEB8-8B4A-11D0-8D11-00A0C91BC942}") = "test1", "test1\test1.vcxproj", "{0C669272-8D1F-41CA-A9CF-0A4C11DC3E18}"
EndProject
Project("{8BC9CEB8-8B4A-11D0-8D11-00A0C91BC942}") = "test4", "test4\test4.vcxproj", "{B3AB4532-1737-4A0C-9E52-96A39E0D04EA}"
EndProject
Global
	GlobalSection(SolutionConfigurationPlatforms) = preSolution
		Debug|x64 = Debug|x64
		Debug|x86 = Debug|x86
		Release|x64 = Release|x64
		Release|x86 = Release|x86
	EndGlobalSection
	GlobalSection(ProjectConfigurationPlatforms) = postSolution
		{240457B2-EBE0-430D-8DB0-84792F308192}.Debug|x64.ActiveCfg = Debug|x64
		{240457B2-EBE0-430D-8DB0-84792F308192}.Debug|x64.Build.0 = Debug|x64
		{240457B2-EBE0-430D-8DB0-84792F308192}.Debug|x86.ActiveCfg = Debug|Win32
		{240457B2-EBE0-430D-8DB0-84792F308192}.Debug|x86.Build.0 = Debug|Win32
		{240457B2-EBE0-430D-8DB0-84792F308192}.Release|x64.ActiveCfg = Release|x64
		{240457B2-EBE0-430D-8DB0-84792F308192}.Release|x64.Build.0 = Release|x64
		{240457B2-EBE0-430D-8DB0-84792F308192}.Release|x86.ActiveCfg = Release|Win32
		{240457B2-EBE0-430D-8DB0-84792F308192}.Release|x86.Build.0 = Release|Win32
		{E7B30CD7-8DA8-44F5-93F7-6AD481F2A743}.Debug|x64.ActiveCfg = Debug|x64
		{E7B30CD7-8DA8-44F5-93F7-6AD481F2A743}.Debug|x64.Build.0 = Debug|x64
		{E7B30CD7-8DA8-44F5-93F7-6AD481F2A743}.Debug|x86.ActiveCfg = Debug|Win32
		{E7B30CD7-8DA8-44F5-93F7-6AD481F2A743}.Debug|x86.Build.0 = Debug|Win32
		{E7B30CD7-8DA8-44F5-93F7-6AD481F2A743}.Release|x64.ActiveCfg = Release|x64
		{E7B30CD7-8DA8-44F5-93F7-6AD481F2A743}.Release|x64.Build.0 = Release|x64
		{E7B30CD7-8DA8-44F5-93F7-6AD481F2A743}.Release|x86.ActiveCfg = Release|Win32
		{E7B30CD7-8DA8-44F5-93F7-6AD481F2A743}.Release|x86.Build.0 = Release|Win32
		{58A39CCE-184A-4F4C-B845-45F5489CD72E}.Debug|x64.ActiveCfg = Debug|x64
		{58A39CCE-184A-4F4C-B845-45F5489CD72E}.Debug|x64.Build.0 = Debug|x64
		{58A39CCE-184A-4F4C-B845-45F5489CD72E}.Debug|x86.ActiveCfg = Debug|Win32
		{58A39CCE-184A-4F4C-B845-45F5489CD72E}.Debug|x86.Build.0 = Debug|Win32
		{58A39CCE-184A-4F4C-B845-45F5489CD72E}.Release|x64.ActiveCfg = Release|x64
		{58A39CCE-184A-4F4C-B845-45F5489CD72E}.Release|x64.Build.0 = Release|x64
		{58A39CCE-184A-4F4C-B845-45F5489CD72E}.Release|x86.ActiveCfg = Release|Win32
		{58A39CCE-184A-4F4C-B845-45F5489CD72E}.Release|x86.Build.0 = Release|Win32
		{DD22C987-C549-4216-A1CF-B8AFD2E1FFEC}.Debug|x64.ActiveCfg = Debug|x64
		{DD22C987-C549-4216-A1CF-B8AFD2E1FFEC}.Debug|x64.Build.0 = Debug|x64
		{DD22C987-C549-4216-A1CF-B8AFD2E1FFEC}.Debug|x86.ActiveCfg = Debug|Win32
		{DD22C987-C549-4216-A1CF-B8AFD2E1FFEC}.Debug|x86.Build.0 = Debug|Win32
		{DD22C987-C549-4216-A1CF-B8AFD2E1FFEC}.Release|x64.ActiveCfg = Release|x64
		{DD22C987-C549-4216-A1CF-B8AFD2E1FFEC}.Release|x64.Build.0 = Release|x64
		{DD22C987-C549-4216-A1CF-B8AFD2E1FFEC}.Release|x86.ActiveCfg = Release|Win32
		{DD22C987-C549-4216-A1CF-B8AFD2E1FFEC}.Release|x86.Build.0 = Release|Win32
		{9EF95558-79BC-4D80-9509-2C3AAAF7E967}.Debug|x64.ActiveCfg = Debug|x64
		{9EF95558-79BC-4D80-9509-2C3AAAF7E967}.Debug|x64.Build.0 = Debug|x64
		{9EF95558-79BC-4D80-9509-2C3AAAF7E967}.Debug|x86.ActiveCfg = Debug|Win32
		{9EF95558-79BC-4D80-9509-2C3AAAF7E967}.Debug|x86.Build.0 = Debug|Win32
		{9EF95558-79BC-4D80-9509-2C3AAAF7E967}.Release|x64.ActiveCfg = Release|x64
		{9EF95558-79BC-4D80-9509-2C3AAAF7E967}.Release|x64.Build.0 = Release|x64
		{9EF95558-79BC-4D80-9509-2C3AAAF7E967}.Release|x86.ActiveCfg = Release|Win32
		{9EF95558-79BC-4D80-9509-2C3AAAF7E967}.Release|x86.Build.0 = Release|Win32
		{468CEE6A-7753-4C78-B87A-3A0D72E486B4}.Debug|x64.ActiveCfg = Debug|x64
		{468CEE6A-7753-4C78-B87A-3A0D72E486B4}.Debug|x64.Build.0 = Debug|x64
		{468CEE6A-7753-4C78-B87A-3A0D72E486B4}.Debug|x86.ActiveCfg = Debug|Win32
		{468CEE6A-7753-4C78-B87A-3A0D72E486B4}.Debug|x86.Build.0 = Debug|Win32
		{468CEE6A-7753-4C78-B87A-3A0D72E486B4}.Release|x64.ActiveCfg = Release|x64
		{468CEE6A-7753-4C78-B87A-3A0D72E486B4}.Release|x64.Build.0 = Release|x64
		{468CEE6A-7753-4C78-B87A-3A0D72E486B4}.Release|x86.ActiveCfg = Release|Win32
		{468CEE6A-7753-4C78-B87A-3A0D72E486B4}.Release|x86.Build.0 = Release|Win32
		{57AD6F4A-B3AA-47E3-9D84-DAFF15B3CC5C}.Debug|x64.ActiveCfg = Debug|x64
		{57AD6F4A-B3AA-47E3-9D84-DAFF15B3CC5C}.Debug|x64.Build.0 = Debug|x64
		{57AD6F4A-B3AA-47E3-9D84-DAFF15B3CC5C}.Debug|x86.ActiveCfg = Debug|Win32
		{57AD6F4A-B3AA-47E3-9D84-DAFF15B3CC5C}.Debug|x86.Build.0 = Debug|Win32
		{57AD6F4A-B3AA-47E3-9D84-DAFF15B3CC5C}.Release|x64.ActiveCfg = Release|x64
		{57AD6F4A-B3AA-47E3-9D84-DAFF15B3CC5C}.Release|x64.Build.0 = Release|x64
		{57AD6F4A-B3AA-47E3-9D84-DAFF15B3CC5C}.Release|x86.ActiveCfg = Release|Win32
		{57AD6F4A-B3AA-47E3-9D84-DAFF15B3CC5C}.Release|x86.Build.0 = Release|Win32
		{80EDE41F-6F69-4006-83E5-E28C9A4A577E}.Debug|x64.ActiveCfg = Debug|x64
		{80EDE41F-6F69-4006-83E5-E28C9A4A577E}.Debug|x64.Build.0 = Debug|x64
		{80EDE41F-6F69-4006-83E5-E28C9A4A577E}.Debug|x86.ActiveCfg = Debug|Win32
		{80EDE41F-6F69-4006-83E5-E28C9A4A577E}.Debug|x86.Build.0 = Debug|Win32
		{80EDE41F-6F69-4006-83E5-E28C9A4A577E}.Release|x64.ActiveCfg = Release|x64
		{80EDE41F-6F69-4006-83E5-E28C9A4A577E}.Release|x64.Build.0 = Release|x64
		{80EDE41F-6F69-4006-83E5-E28C9A4A577E}.Release|x86.ActiveCfg = Release|Win32
		{80EDE41F-6F69-4006-83E5-E28C9A4A577E}.Release|x86.Build.0 = Release|Win32
		{237D9ED4-6B93-4A2D-9379-FD80EA092C2B}.Debug|x64.ActiveCfg = Debug|x64
		{237D9ED4-6B93-4A2D-9379-FD80EA092C2B}.Debug|x64.Build.0 = Debug|x64
		{237D9ED4-6B93-4A2D-9379-FD80EA092C2B}.Debug|x86.ActiveCfg = Debug|Win32
		{237D9ED4-6B93-4A2D-9379-FD80EA092C2B}.Debug|x86.Build.0 = Debug|Win32
		{237D9ED4-6B93-4A2D-9379-FD80EA092C2B}.Release|x64.ActiveCfg = Release|x64
		{237D9ED4-6B93-4A2D-9379-FD80EA092C2B}.Release|x64.Build.0 = Release|x64
		{237D9ED4-6B93-4A2D-9379-FD80EA092C2B}.Release|x86.ActiveCfg = Release|Win32
		{237D9ED4-6B93-4A2D-9379-FD80EA092C2B}.Release|x86.Build.0 = Release|Win32
		{0BF802AE-B079-4DB4-A43D-087015CFB9FA}.Debug|x64.ActiveCfg = Debug|x64
		{0BF802AE-B079-4DB4-A43D-087015CFB9FA}.Debug|x64.Build.0 = Debug|x64
		{0BF802AE-B079-4DB4-A43D-087015CFB9FA}.Debug|x86.ActiveCfg = Debug|Win32
		{0BF802AE-B079-4DB4-A43D-087015CFB9FA}.Debug|x86.Build.0 = Debug|Win32
		{0BF802AE-B079-4DB4-A43D-087015CFB9FA}.Release|x64.ActiveCfg = Release|x64
		{0BF802AE-B079-4DB4-A43D-087015CFB9FA}.Release|x64.Build.0 = Release|x64
		{0BF802AE-B079-4DB4-A43D-087015CFB9FA}.Release|x86.ActiveCfg = Release|Win32
		{0BF802AE-B079-4DB4-A43D-087015CFB9FA}.Release|x86.Build.0 = Release|Win32
		{7E36F54F-715D-4E08-80DE-3D672F7313EB}.Debug|x64.ActiveCfg = Debug|x64
		{7E36F54F-715D-4E08-80DE-3D672F7313EB}.Debug|x64.Build.0 = Debug|x64
		{7E36F54F-715D-4E08-80DE-3D672F7313EB}.Debug|x86.ActiveCfg = Debug|Win32
		{7E36F54F-715D-4E08-80DE-3D672F7313EB}.Debug|x86.Build.0 = Debug|Win32
		{7E36F54F-715D-4E08-80DE-3D672F7313EB}.Release|x64.ActiveCfg = Release|x64
		{7E36F54F-715D-4E08-80DE-3D672F7313EB}.Release|x64.Build.0 = Release|x64
		{7E36F54F-715D-4E08-80DE-3D672F7313EB}.Release|x86.ActiveCfg = Release|Win32
		{7E36F54F-715D-4E08-80DE-3D672F7313EB}.Release|x86.Build.0 = Release|Win32
		{0C669272-8D1F-41CA-A9CF-0A4C11DC3E18}.Debug|x64.ActiveCfg = Debug|x64
		{0C669272-8D1F-41CA-A9CF-0A4C11DC3E18}.Debug|x64.Build.0 = Debug|x64
		{0C669272-8D1F-41CA-A9CF-0A4C11DC3E18}.Debug|x86.ActiveCfg = Debug|Win32
		{0C669272-8D1F-41CA-A9CF-0A4C11DC3E18}.Debug|x86.Build.0 = Debug|Win32
		{0C669272-8D1F-41CA-A9CF-0A4C11DC3E18}.Release|x64.ActiveCfg = Release|x64
		{0C669272-8D1F-41CA-A9CF-0A4C11DC3E18}.Release|x64.Build.0 = Release|x64
		{0C669272-8D1F-41CA-A9CF-0A4C11DC3E18}.Release|x86.ActiveCfg = Release|Win32
		{0C669272-8D1F-41CA-A9CF-0A4C11DC3E18}.Release|x86.Build.0 = Release|Win32
		{B3AB4532-1737-4A0C-9E52-96A39E0D04EA}.Debug|x64.ActiveCfg = Debug|x64
		{B3AB4532-1737-4A0C-9E52-96A39E0D04EA}.Debug|x64.Build.0 = Debug|x64
		{B3AB4532-1737-4A0C-9E52-96A39E0D04EA}.Debug|x86.ActiveCfg = Debug|Win32
		{B3AB4532-1737-4A0C-9E52-96A39E0D04EA}.Debug|x86.Build.0 = Debug|Win32
		{B3AB4532-1737-4A0C-9E52-96A39E0D04EA}.Release|x64.ActiveCfg = Release|x64
		{B3AB4532-1737-4A0C-9E52-96A39E0D04EA}.Release|x64.Build.0 = Release|x64
		{B3AB4532-1737-4A0C-9E52-96A39E0D04EA}.Release|x86.ActiveCfg = Release|Win32
		{B3AB4532-1737-4A0C-9E52-96A39E0D04EA}.Release|x86.Build.0 = Release|Win32
	EndGlobalSection
	GlobalSection(SolutionProperties) = preSolution
		HideSolutionNode = FALSE
	EndGlobalSection
	GlobalSection(ExtensibilityGlobals) = postSolution
		SolutionGuid = {AB4228DB-B552-42C5-BF09-0E33C6BD7149}
	EndGlobalSection
EndGlobal
