
Microsoft Visual Studio Solution File, Format Version 12.00
# Visual Studio 15
VisualStudioVersion = 15.0.28307.757
MinimumVisualStudioVersion = 10.0.40219.1
Project("{8BC9CEB8-8B4A-11D0-8D11-00A0C91BC942}") = "5_1forloop", "learning_C++_charpter5\learning_C++_charpter5.vcxproj", "{3955C1B1-628F-451C-BDB0-A1490E99BEAA}"
EndProject
Project("{8BC9CEB8-8B4A-11D0-8D11-00A0C91BC942}") = "5_2num_test", "5_2num_test\5_2num_test.vcxproj", "{BE7C370B-FACD-4813-838C-3D851D18EF39}"
EndProject
Project("{8BC9CEB8-8B4A-11D0-8D11-00A0C91BC942}") = "5_4formore", "5_4formore\5_4formore.vcxproj", "{79AE4CA3-18D3-4702-B70B-DB66FC6D5AD3}"
EndProject
Project("{8BC9CEB8-8B4A-11D0-8D11-00A0C91BC942}") = "5_5bigstep", "5_5bigstep\5_5bigstep.vcxproj", "{DF723C20-B9F2-433D-A91D-013CD93B455E}"
EndProject
Project("{8BC9CEB8-8B4A-11D0-8D11-00A0C91BC942}") = "5_6forstr1", "5_6forstr1\5_6forstr1.vcxproj", "{74635763-C2BA-495F-85E6-A17BBD16E7D3}"
EndProject
Project("{8BC9CEB8-8B4A-11D0-8D11-00A0C91BC942}") = "5_7plus_one", "5_7plus_one\5_7plus_one.vcxproj", "{289D4260-1A95-44AD-9EAA-AFE3D89080F8}"
EndProject
Project("{8BC9CEB8-8B4A-11D0-8D11-00A0C91BC942}") = "5_8block", "5_8block\5_8block.vcxproj", "{2C3CDB17-9EA2-4967-BE50-4E0C4B3105C8}"
EndProject
Project("{8BC9CEB8-8B4A-11D0-8D11-00A0C91BC942}") = "5_9forstr2", "5_9forstr2\5_9forstr2.vcxproj", "{9F0855F2-30B0-4359-8579-23E5A98CB959}"
EndProject
Project("{8BC9CEB8-8B4A-11D0-8D11-00A0C91BC942}") = "5_10equal", "5_10equal\5_10equal.vcxproj", "{FEDA6559-0572-4BB8-B75E-DBD1B98F72A8}"
EndProject
Project("{8BC9CEB8-8B4A-11D0-8D11-00A0C91BC942}") = "5_11compstr1", "5_11compstr1\5_11compstr1.vcxproj", "{68D3E9BB-BF9A-4FEA-8E34-91FC1DC9DF9A}"
EndProject
Project("{8BC9CEB8-8B4A-11D0-8D11-00A0C91BC942}") = "5_12compstr2", "5_12compstr2\5_12compstr2.vcxproj", "{18F60AB4-83D3-4F61-AE0D-D47E64FA8B1F}"
EndProject
Project("{8BC9CEB8-8B4A-11D0-8D11-00A0C91BC942}") = "5_13while", "5_13while\5_13while.vcxproj", "{438D1F3B-71DE-40BC-8E20-721BFB5AF5C4}"
EndProject
Project("{8BC9CEB8-8B4A-11D0-8D11-00A0C91BC942}") = "5_14waiting", "5_14waiting\5_14waiting.vcxproj", "{C6F44FBE-6613-4A2A-B0B4-898761688179}"
EndProject
Project("{8BC9CEB8-8B4A-11D0-8D11-00A0C91BC942}") = "5_15dowhile", "5_15dowhile\5_15dowhile.vcxproj", "{DFD80EF9-7A67-4125-8BC5-DDF0B0E64A4B}"
EndProject
Project("{8BC9CEB8-8B4A-11D0-8D11-00A0C91BC942}") = "5_16textin1", "5_16textin1\5_16textin1.vcxproj", "{31EE5017-D89D-417F-9706-9F055CC7B4DC}"
EndProject
Project("{8BC9CEB8-8B4A-11D0-8D11-00A0C91BC942}") = "5_17textin2", "5_17textin2\5_17textin2.vcxproj", "{893B127E-9DC2-46C2-A479-A7990B67D73D}"
EndProject
Project("{8BC9CEB8-8B4A-11D0-8D11-00A0C91BC942}") = "5_18textin3", "5_18textin3\5_18textin3.vcxproj", "{60B0A3FB-213F-425D-9D68-8D9058A2849F}"
EndProject
Project("{8BC9CEB8-8B4A-11D0-8D11-00A0C91BC942}") = "5_19textin4", "5_19textin4\5_19textin4.vcxproj", "{E1B4EAE2-7305-4162-BCE8-A29DC388E73E}"
EndProject
Project("{8BC9CEB8-8B4A-11D0-8D11-00A0C91BC942}") = "5_20nested", "5_20nested\5_20nested.vcxproj", "{9433C9BB-327B-4349-8A81-A527E2832972}"
EndProject
Project("{8BC9CEB8-8B4A-11D0-8D11-00A0C91BC942}") = "test1", "test\test.vcxproj", "{4428864C-91CA-4CB0-AE18-BFD3544FFA60}"
EndProject
Project("{8BC9CEB8-8B4A-11D0-8D11-00A0C91BC942}") = "test2", "test2\test2.vcxproj", "{7DB1B115-D9D9-4827-973A-EC142E905437}"
EndProject
Project("{8BC9CEB8-8B4A-11D0-8D11-00A0C91BC942}") = "test3", "test3\test3.vcxproj", "{4D470561-D815-481C-8641-B14D74418379}"
EndProject
Project("{8BC9CEB8-8B4A-11D0-8D11-00A0C91BC942}") = "test4", "test4\test4.vcxproj", "{6FBA33FA-8588-4E21-A0C9-0F0B80612493}"
EndProject
Project("{8BC9CEB8-8B4A-11D0-8D11-00A0C91BC942}") = "test5", "test5\test5.vcxproj", "{B3D592FE-A756-4EF9-93F6-26C15A59A778}"
EndProject
Project("{8BC9CEB8-8B4A-11D0-8D11-00A0C91BC942}") = "test6", "test6\test6.vcxproj", "{C81B0AF9-FC25-4EAD-AC49-0F00469047D1}"
EndProject
Project("{8BC9CEB8-8B4A-11D0-8D11-00A0C91BC942}") = "test7", "test7\test7.vcxproj", "{9E518C87-F319-4756-BFA8-74EA0B05D45D}"
EndProject
Project("{8BC9CEB8-8B4A-11D0-8D11-00A0C91BC942}") = "test8", "test8\test8.vcxproj", "{CD370587-BEAE-4FC2-8A4E-D192BDCDD28C}"
EndProject
Project("{8BC9CEB8-8B4A-11D0-8D11-00A0C91BC942}") = "test10", "test10\test10.vcxproj", "{35C26921-2887-4727-9971-688EB8041B6D}"
EndProject
Global
	GlobalSection(SolutionConfigurationPlatforms) = preSolution
		Debug|x64 = Debug|x64
		Debug|x86 = Debug|x86
		Release|x64 = Release|x64
		Release|x86 = Release|x86
	EndGlobalSection
	GlobalSection(ProjectConfigurationPlatforms) = postSolution
		{3955C1B1-628F-451C-BDB0-A1490E99BEAA}.Debug|x64.ActiveCfg = Debug|x64
		{3955C1B1-628F-451C-BDB0-A1490E99BEAA}.Debug|x64.Build.0 = Debug|x64
		{3955C1B1-628F-451C-BDB0-A1490E99BEAA}.Debug|x86.ActiveCfg = Debug|Win32
		{3955C1B1-628F-451C-BDB0-A1490E99BEAA}.Debug|x86.Build.0 = Debug|Win32
		{3955C1B1-628F-451C-BDB0-A1490E99BEAA}.Release|x64.ActiveCfg = Release|x64
		{3955C1B1-628F-451C-BDB0-A1490E99BEAA}.Release|x64.Build.0 = Release|x64
		{3955C1B1-628F-451C-BDB0-A1490E99BEAA}.Release|x86.ActiveCfg = Release|Win32
		{3955C1B1-628F-451C-BDB0-A1490E99BEAA}.Release|x86.Build.0 = Release|Win32
		{BE7C370B-FACD-4813-838C-3D851D18EF39}.Debug|x64.ActiveCfg = Debug|x64
		{BE7C370B-FACD-4813-838C-3D851D18EF39}.Debug|x64.Build.0 = Debug|x64
		{BE7C370B-FACD-4813-838C-3D851D18EF39}.Debug|x86.ActiveCfg = Debug|Win32
		{BE7C370B-FACD-4813-838C-3D851D18EF39}.Debug|x86.Build.0 = Debug|Win32
		{BE7C370B-FACD-4813-838C-3D851D18EF39}.Release|x64.ActiveCfg = Release|x64
		{BE7C370B-FACD-4813-838C-3D851D18EF39}.Release|x64.Build.0 = Release|x64
		{BE7C370B-FACD-4813-838C-3D851D18EF39}.Release|x86.ActiveCfg = Release|Win32
		{BE7C370B-FACD-4813-838C-3D851D18EF39}.Release|x86.Build.0 = Release|Win32
		{79AE4CA3-18D3-4702-B70B-DB66FC6D5AD3}.Debug|x64.ActiveCfg = Debug|x64
		{79AE4CA3-18D3-4702-B70B-DB66FC6D5AD3}.Debug|x64.Build.0 = Debug|x64
		{79AE4CA3-18D3-4702-B70B-DB66FC6D5AD3}.Debug|x86.ActiveCfg = Debug|Win32
		{79AE4CA3-18D3-4702-B70B-DB66FC6D5AD3}.Debug|x86.Build.0 = Debug|Win32
		{79AE4CA3-18D3-4702-B70B-DB66FC6D5AD3}.Release|x64.ActiveCfg = Release|x64
		{79AE4CA3-18D3-4702-B70B-DB66FC6D5AD3}.Release|x64.Build.0 = Release|x64
		{79AE4CA3-18D3-4702-B70B-DB66FC6D5AD3}.Release|x86.ActiveCfg = Release|Win32
		{79AE4CA3-18D3-4702-B70B-DB66FC6D5AD3}.Release|x86.Build.0 = Release|Win32
		{DF723C20-B9F2-433D-A91D-013CD93B455E}.Debug|x64.ActiveCfg = Debug|x64
		{DF723C20-B9F2-433D-A91D-013CD93B455E}.Debug|x64.Build.0 = Debug|x64
		{DF723C20-B9F2-433D-A91D-013CD93B455E}.Debug|x86.ActiveCfg = Debug|Win32
		{DF723C20-B9F2-433D-A91D-013CD93B455E}.Debug|x86.Build.0 = Debug|Win32
		{DF723C20-B9F2-433D-A91D-013CD93B455E}.Release|x64.ActiveCfg = Release|x64
		{DF723C20-B9F2-433D-A91D-013CD93B455E}.Release|x64.Build.0 = Release|x64
		{DF723C20-B9F2-433D-A91D-013CD93B455E}.Release|x86.ActiveCfg = Release|Win32
		{DF723C20-B9F2-433D-A91D-013CD93B455E}.Release|x86.Build.0 = Release|Win32
		{74635763-C2BA-495F-85E6-A17BBD16E7D3}.Debug|x64.ActiveCfg = Debug|x64
		{74635763-C2BA-495F-85E6-A17BBD16E7D3}.Debug|x64.Build.0 = Debug|x64
		{74635763-C2BA-495F-85E6-A17BBD16E7D3}.Debug|x86.ActiveCfg = Debug|Win32
		{74635763-C2BA-495F-85E6-A17BBD16E7D3}.Debug|x86.Build.0 = Debug|Win32
		{74635763-C2BA-495F-85E6-A17BBD16E7D3}.Release|x64.ActiveCfg = Release|x64
		{74635763-C2BA-495F-85E6-A17BBD16E7D3}.Release|x64.Build.0 = Release|x64
		{74635763-C2BA-495F-85E6-A17BBD16E7D3}.Release|x86.ActiveCfg = Release|Win32
		{74635763-C2BA-495F-85E6-A17BBD16E7D3}.Release|x86.Build.0 = Release|Win32
		{289D4260-1A95-44AD-9EAA-AFE3D89080F8}.Debug|x64.ActiveCfg = Debug|x64
		{289D4260-1A95-44AD-9EAA-AFE3D89080F8}.Debug|x64.Build.0 = Debug|x64
		{289D4260-1A95-44AD-9EAA-AFE3D89080F8}.Debug|x86.ActiveCfg = Debug|Win32
		{289D4260-1A95-44AD-9EAA-AFE3D89080F8}.Debug|x86.Build.0 = Debug|Win32
		{289D4260-1A95-44AD-9EAA-AFE3D89080F8}.Release|x64.ActiveCfg = Release|x64
		{289D4260-1A95-44AD-9EAA-AFE3D89080F8}.Release|x64.Build.0 = Release|x64
		{289D4260-1A95-44AD-9EAA-AFE3D89080F8}.Release|x86.ActiveCfg = Release|Win32
		{289D4260-1A95-44AD-9EAA-AFE3D89080F8}.Release|x86.Build.0 = Release|Win32
		{2C3CDB17-9EA2-4967-BE50-4E0C4B3105C8}.Debug|x64.ActiveCfg = Debug|x64
		{2C3CDB17-9EA2-4967-BE50-4E0C4B3105C8}.Debug|x64.Build.0 = Debug|x64
		{2C3CDB17-9EA2-4967-BE50-4E0C4B3105C8}.Debug|x86.ActiveCfg = Debug|Win32
		{2C3CDB17-9EA2-4967-BE50-4E0C4B3105C8}.Debug|x86.Build.0 = Debug|Win32
		{2C3CDB17-9EA2-4967-BE50-4E0C4B3105C8}.Release|x64.ActiveCfg = Release|x64
		{2C3CDB17-9EA2-4967-BE50-4E0C4B3105C8}.Release|x64.Build.0 = Release|x64
		{2C3CDB17-9EA2-4967-BE50-4E0C4B3105C8}.Release|x86.ActiveCfg = Release|Win32
		{2C3CDB17-9EA2-4967-BE50-4E0C4B3105C8}.Release|x86.Build.0 = Release|Win32
		{9F0855F2-30B0-4359-8579-23E5A98CB959}.Debug|x64.ActiveCfg = Debug|x64
		{9F0855F2-30B0-4359-8579-23E5A98CB959}.Debug|x64.Build.0 = Debug|x64
		{9F0855F2-30B0-4359-8579-23E5A98CB959}.Debug|x86.ActiveCfg = Debug|Win32
		{9F0855F2-30B0-4359-8579-23E5A98CB959}.Debug|x86.Build.0 = Debug|Win32
		{9F0855F2-30B0-4359-8579-23E5A98CB959}.Release|x64.ActiveCfg = Release|x64
		{9F0855F2-30B0-4359-8579-23E5A98CB959}.Release|x64.Build.0 = Release|x64
		{9F0855F2-30B0-4359-8579-23E5A98CB959}.Release|x86.ActiveCfg = Release|Win32
		{9F0855F2-30B0-4359-8579-23E5A98CB959}.Release|x86.Build.0 = Release|Win32
		{FEDA6559-0572-4BB8-B75E-DBD1B98F72A8}.Debug|x64.ActiveCfg = Debug|x64
		{FEDA6559-0572-4BB8-B75E-DBD1B98F72A8}.Debug|x64.Build.0 = Debug|x64
		{FEDA6559-0572-4BB8-B75E-DBD1B98F72A8}.Debug|x86.ActiveCfg = Debug|Win32
		{FEDA6559-0572-4BB8-B75E-DBD1B98F72A8}.Debug|x86.Build.0 = Debug|Win32
		{FEDA6559-0572-4BB8-B75E-DBD1B98F72A8}.Release|x64.ActiveCfg = Release|x64
		{FEDA6559-0572-4BB8-B75E-DBD1B98F72A8}.Release|x64.Build.0 = Release|x64
		{FEDA6559-0572-4BB8-B75E-DBD1B98F72A8}.Release|x86.ActiveCfg = Release|Win32
		{FEDA6559-0572-4BB8-B75E-DBD1B98F72A8}.Release|x86.Build.0 = Release|Win32
		{68D3E9BB-BF9A-4FEA-8E34-91FC1DC9DF9A}.Debug|x64.ActiveCfg = Debug|x64
		{68D3E9BB-BF9A-4FEA-8E34-91FC1DC9DF9A}.Debug|x64.Build.0 = Debug|x64
		{68D3E9BB-BF9A-4FEA-8E34-91FC1DC9DF9A}.Debug|x86.ActiveCfg = Debug|Win32
		{68D3E9BB-BF9A-4FEA-8E34-91FC1DC9DF9A}.Debug|x86.Build.0 = Debug|Win32
		{68D3E9BB-BF9A-4FEA-8E34-91FC1DC9DF9A}.Release|x64.ActiveCfg = Release|x64
		{68D3E9BB-BF9A-4FEA-8E34-91FC1DC9DF9A}.Release|x64.Build.0 = Release|x64
		{68D3E9BB-BF9A-4FEA-8E34-91FC1DC9DF9A}.Release|x86.ActiveCfg = Release|Win32
		{68D3E9BB-BF9A-4FEA-8E34-91FC1DC9DF9A}.Release|x86.Build.0 = Release|Win32
		{18F60AB4-83D3-4F61-AE0D-D47E64FA8B1F}.Debug|x64.ActiveCfg = Debug|x64
		{18F60AB4-83D3-4F61-AE0D-D47E64FA8B1F}.Debug|x64.Build.0 = Debug|x64
		{18F60AB4-83D3-4F61-AE0D-D47E64FA8B1F}.Debug|x86.ActiveCfg = Debug|Win32
		{18F60AB4-83D3-4F61-AE0D-D47E64FA8B1F}.Debug|x86.Build.0 = Debug|Win32
		{18F60AB4-83D3-4F61-AE0D-D47E64FA8B1F}.Release|x64.ActiveCfg = Release|x64
		{18F60AB4-83D3-4F61-AE0D-D47E64FA8B1F}.Release|x64.Build.0 = Release|x64
		{18F60AB4-83D3-4F61-AE0D-D47E64FA8B1F}.Release|x86.ActiveCfg = Release|Win32
		{18F60AB4-83D3-4F61-AE0D-D47E64FA8B1F}.Release|x86.Build.0 = Release|Win32
		{438D1F3B-71DE-40BC-8E20-721BFB5AF5C4}.Debug|x64.ActiveCfg = Debug|x64
		{438D1F3B-71DE-40BC-8E20-721BFB5AF5C4}.Debug|x64.Build.0 = Debug|x64
		{438D1F3B-71DE-40BC-8E20-721BFB5AF5C4}.Debug|x86.ActiveCfg = Debug|Win32
		{438D1F3B-71DE-40BC-8E20-721BFB5AF5C4}.Debug|x86.Build.0 = Debug|Win32
		{438D1F3B-71DE-40BC-8E20-721BFB5AF5C4}.Release|x64.ActiveCfg = Release|x64
		{438D1F3B-71DE-40BC-8E20-721BFB5AF5C4}.Release|x64.Build.0 = Release|x64
		{438D1F3B-71DE-40BC-8E20-721BFB5AF5C4}.Release|x86.ActiveCfg = Release|Win32
		{438D1F3B-71DE-40BC-8E20-721BFB5AF5C4}.Release|x86.Build.0 = Release|Win32
		{C6F44FBE-6613-4A2A-B0B4-898761688179}.Debug|x64.ActiveCfg = Debug|x64
		{C6F44FBE-6613-4A2A-B0B4-898761688179}.Debug|x64.Build.0 = Debug|x64
		{C6F44FBE-6613-4A2A-B0B4-898761688179}.Debug|x86.ActiveCfg = Debug|Win32
		{C6F44FBE-6613-4A2A-B0B4-898761688179}.Debug|x86.Build.0 = Debug|Win32
		{C6F44FBE-6613-4A2A-B0B4-898761688179}.Release|x64.ActiveCfg = Release|x64
		{C6F44FBE-6613-4A2A-B0B4-898761688179}.Release|x64.Build.0 = Release|x64
		{C6F44FBE-6613-4A2A-B0B4-898761688179}.Release|x86.ActiveCfg = Release|Win32
		{C6F44FBE-6613-4A2A-B0B4-898761688179}.Release|x86.Build.0 = Release|Win32
		{DFD80EF9-7A67-4125-8BC5-DDF0B0E64A4B}.Debug|x64.ActiveCfg = Debug|x64
		{DFD80EF9-7A67-4125-8BC5-DDF0B0E64A4B}.Debug|x64.Build.0 = Debug|x64
		{DFD80EF9-7A67-4125-8BC5-DDF0B0E64A4B}.Debug|x86.ActiveCfg = Debug|Win32
		{DFD80EF9-7A67-4125-8BC5-DDF0B0E64A4B}.Debug|x86.Build.0 = Debug|Win32
		{DFD80EF9-7A67-4125-8BC5-DDF0B0E64A4B}.Release|x64.ActiveCfg = Release|x64
		{DFD80EF9-7A67-4125-8BC5-DDF0B0E64A4B}.Release|x64.Build.0 = Release|x64
		{DFD80EF9-7A67-4125-8BC5-DDF0B0E64A4B}.Release|x86.ActiveCfg = Release|Win32
		{DFD80EF9-7A67-4125-8BC5-DDF0B0E64A4B}.Release|x86.Build.0 = Release|Win32
		{31EE5017-D89D-417F-9706-9F055CC7B4DC}.Debug|x64.ActiveCfg = Debug|x64
		{31EE5017-D89D-417F-9706-9F055CC7B4DC}.Debug|x64.Build.0 = Debug|x64
		{31EE5017-D89D-417F-9706-9F055CC7B4DC}.Debug|x86.ActiveCfg = Debug|Win32
		{31EE5017-D89D-417F-9706-9F055CC7B4DC}.Debug|x86.Build.0 = Debug|Win32
		{31EE5017-D89D-417F-9706-9F055CC7B4DC}.Release|x64.ActiveCfg = Release|x64
		{31EE5017-D89D-417F-9706-9F055CC7B4DC}.Release|x64.Build.0 = Release|x64
		{31EE5017-D89D-417F-9706-9F055CC7B4DC}.Release|x86.ActiveCfg = Release|Win32
		{31EE5017-D89D-417F-9706-9F055CC7B4DC}.Release|x86.Build.0 = Release|Win32
		{893B127E-9DC2-46C2-A479-A7990B67D73D}.Debug|x64.ActiveCfg = Debug|x64
		{893B127E-9DC2-46C2-A479-A7990B67D73D}.Debug|x64.Build.0 = Debug|x64
		{893B127E-9DC2-46C2-A479-A7990B67D73D}.Debug|x86.ActiveCfg = Debug|Win32
		{893B127E-9DC2-46C2-A479-A7990B67D73D}.Debug|x86.Build.0 = Debug|Win32
		{893B127E-9DC2-46C2-A479-A7990B67D73D}.Release|x64.ActiveCfg = Release|x64
		{893B127E-9DC2-46C2-A479-A7990B67D73D}.Release|x64.Build.0 = Release|x64
		{893B127E-9DC2-46C2-A479-A7990B67D73D}.Release|x86.ActiveCfg = Release|Win32
		{893B127E-9DC2-46C2-A479-A7990B67D73D}.Release|x86.Build.0 = Release|Win32
		{60B0A3FB-213F-425D-9D68-8D9058A2849F}.Debug|x64.ActiveCfg = Debug|x64
		{60B0A3FB-213F-425D-9D68-8D9058A2849F}.Debug|x64.Build.0 = Debug|x64
		{60B0A3FB-213F-425D-9D68-8D9058A2849F}.Debug|x86.ActiveCfg = Debug|Win32
		{60B0A3FB-213F-425D-9D68-8D9058A2849F}.Debug|x86.Build.0 = Debug|Win32
		{60B0A3FB-213F-425D-9D68-8D9058A2849F}.Release|x64.ActiveCfg = Release|x64
		{60B0A3FB-213F-425D-9D68-8D9058A2849F}.Release|x64.Build.0 = Release|x64
		{60B0A3FB-213F-425D-9D68-8D9058A2849F}.Release|x86.ActiveCfg = Release|Win32
		{60B0A3FB-213F-425D-9D68-8D9058A2849F}.Release|x86.Build.0 = Release|Win32
		{E1B4EAE2-7305-4162-BCE8-A29DC388E73E}.Debug|x64.ActiveCfg = Debug|x64
		{E1B4EAE2-7305-4162-BCE8-A29DC388E73E}.Debug|x64.Build.0 = Debug|x64
		{E1B4EAE2-7305-4162-BCE8-A29DC388E73E}.Debug|x86.ActiveCfg = Debug|Win32
		{E1B4EAE2-7305-4162-BCE8-A29DC388E73E}.Debug|x86.Build.0 = Debug|Win32
		{E1B4EAE2-7305-4162-BCE8-A29DC388E73E}.Release|x64.ActiveCfg = Release|x64
		{E1B4EAE2-7305-4162-BCE8-A29DC388E73E}.Release|x64.Build.0 = Release|x64
		{E1B4EAE2-7305-4162-BCE8-A29DC388E73E}.Release|x86.ActiveCfg = Release|Win32
		{E1B4EAE2-7305-4162-BCE8-A29DC388E73E}.Release|x86.Build.0 = Release|Win32
		{9433C9BB-327B-4349-8A81-A527E2832972}.Debug|x64.ActiveCfg = Debug|x64
		{9433C9BB-327B-4349-8A81-A527E2832972}.Debug|x64.Build.0 = Debug|x64
		{9433C9BB-327B-4349-8A81-A527E2832972}.Debug|x86.ActiveCfg = Debug|Win32
		{9433C9BB-327B-4349-8A81-A527E2832972}.Debug|x86.Build.0 = Debug|Win32
		{9433C9BB-327B-4349-8A81-A527E2832972}.Release|x64.ActiveCfg = Release|x64
		{9433C9BB-327B-4349-8A81-A527E2832972}.Release|x64.Build.0 = Release|x64
		{9433C9BB-327B-4349-8A81-A527E2832972}.Release|x86.ActiveCfg = Release|Win32
		{9433C9BB-327B-4349-8A81-A527E2832972}.Release|x86.Build.0 = Release|Win32
		{4428864C-91CA-4CB0-AE18-BFD3544FFA60}.Debug|x64.ActiveCfg = Debug|x64
		{4428864C-91CA-4CB0-AE18-BFD3544FFA60}.Debug|x64.Build.0 = Debug|x64
		{4428864C-91CA-4CB0-AE18-BFD3544FFA60}.Debug|x86.ActiveCfg = Debug|Win32
		{4428864C-91CA-4CB0-AE18-BFD3544FFA60}.Debug|x86.Build.0 = Debug|Win32
		{4428864C-91CA-4CB0-AE18-BFD3544FFA60}.Release|x64.ActiveCfg = Release|x64
		{4428864C-91CA-4CB0-AE18-BFD3544FFA60}.Release|x64.Build.0 = Release|x64
		{4428864C-91CA-4CB0-AE18-BFD3544FFA60}.Release|x86.ActiveCfg = Release|Win32
		{4428864C-91CA-4CB0-AE18-BFD3544FFA60}.Release|x86.Build.0 = Release|Win32
		{7DB1B115-D9D9-4827-973A-EC142E905437}.Debug|x64.ActiveCfg = Debug|x64
		{7DB1B115-D9D9-4827-973A-EC142E905437}.Debug|x64.Build.0 = Debug|x64
		{7DB1B115-D9D9-4827-973A-EC142E905437}.Debug|x86.ActiveCfg = Debug|Win32
		{7DB1B115-D9D9-4827-973A-EC142E905437}.Debug|x86.Build.0 = Debug|Win32
		{7DB1B115-D9D9-4827-973A-EC142E905437}.Release|x64.ActiveCfg = Release|x64
		{7DB1B115-D9D9-4827-973A-EC142E905437}.Release|x64.Build.0 = Release|x64
		{7DB1B115-D9D9-4827-973A-EC142E905437}.Release|x86.ActiveCfg = Release|Win32
		{7DB1B115-D9D9-4827-973A-EC142E905437}.Release|x86.Build.0 = Release|Win32
		{4D470561-D815-481C-8641-B14D74418379}.Debug|x64.ActiveCfg = Debug|x64
		{4D470561-D815-481C-8641-B14D74418379}.Debug|x64.Build.0 = Debug|x64
		{4D470561-D815-481C-8641-B14D74418379}.Debug|x86.ActiveCfg = Debug|Win32
		{4D470561-D815-481C-8641-B14D74418379}.Debug|x86.Build.0 = Debug|Win32
		{4D470561-D815-481C-8641-B14D74418379}.Release|x64.ActiveCfg = Release|x64
		{4D470561-D815-481C-8641-B14D74418379}.Release|x64.Build.0 = Release|x64
		{4D470561-D815-481C-8641-B14D74418379}.Release|x86.ActiveCfg = Release|Win32
		{4D470561-D815-481C-8641-B14D74418379}.Release|x86.Build.0 = Release|Win32
		{6FBA33FA-8588-4E21-A0C9-0F0B80612493}.Debug|x64.ActiveCfg = Debug|x64
		{6FBA33FA-8588-4E21-A0C9-0F0B80612493}.Debug|x64.Build.0 = Debug|x64
		{6FBA33FA-8588-4E21-A0C9-0F0B80612493}.Debug|x86.ActiveCfg = Debug|Win32
		{6FBA33FA-8588-4E21-A0C9-0F0B80612493}.Debug|x86.Build.0 = Debug|Win32
		{6FBA33FA-8588-4E21-A0C9-0F0B80612493}.Release|x64.ActiveCfg = Release|x64
		{6FBA33FA-8588-4E21-A0C9-0F0B80612493}.Release|x64.Build.0 = Release|x64
		{6FBA33FA-8588-4E21-A0C9-0F0B80612493}.Release|x86.ActiveCfg = Release|Win32
		{6FBA33FA-8588-4E21-A0C9-0F0B80612493}.Release|x86.Build.0 = Release|Win32
		{B3D592FE-A756-4EF9-93F6-26C15A59A778}.Debug|x64.ActiveCfg = Debug|x64
		{B3D592FE-A756-4EF9-93F6-26C15A59A778}.Debug|x64.Build.0 = Debug|x64
		{B3D592FE-A756-4EF9-93F6-26C15A59A778}.Debug|x86.ActiveCfg = Debug|Win32
		{B3D592FE-A756-4EF9-93F6-26C15A59A778}.Debug|x86.Build.0 = Debug|Win32
		{B3D592FE-A756-4EF9-93F6-26C15A59A778}.Release|x64.ActiveCfg = Release|x64
		{B3D592FE-A756-4EF9-93F6-26C15A59A778}.Release|x64.Build.0 = Release|x64
		{B3D592FE-A756-4EF9-93F6-26C15A59A778}.Release|x86.ActiveCfg = Release|Win32
		{B3D592FE-A756-4EF9-93F6-26C15A59A778}.Release|x86.Build.0 = Release|Win32
		{C81B0AF9-FC25-4EAD-AC49-0F00469047D1}.Debug|x64.ActiveCfg = Debug|x64
		{C81B0AF9-FC25-4EAD-AC49-0F00469047D1}.Debug|x64.Build.0 = Debug|x64
		{C81B0AF9-FC25-4EAD-AC49-0F00469047D1}.Debug|x86.ActiveCfg = Debug|Win32
		{C81B0AF9-FC25-4EAD-AC49-0F00469047D1}.Debug|x86.Build.0 = Debug|Win32
		{C81B0AF9-FC25-4EAD-AC49-0F00469047D1}.Release|x64.ActiveCfg = Release|x64
		{C81B0AF9-FC25-4EAD-AC49-0F00469047D1}.Release|x64.Build.0 = Release|x64
		{C81B0AF9-FC25-4EAD-AC49-0F00469047D1}.Release|x86.ActiveCfg = Release|Win32
		{C81B0AF9-FC25-4EAD-AC49-0F00469047D1}.Release|x86.Build.0 = Release|Win32
		{9E518C87-F319-4756-BFA8-74EA0B05D45D}.Debug|x64.ActiveCfg = Debug|x64
		{9E518C87-F319-4756-BFA8-74EA0B05D45D}.Debug|x64.Build.0 = Debug|x64
		{9E518C87-F319-4756-BFA8-74EA0B05D45D}.Debug|x86.ActiveCfg = Debug|Win32
		{9E518C87-F319-4756-BFA8-74EA0B05D45D}.Debug|x86.Build.0 = Debug|Win32
		{9E518C87-F319-4756-BFA8-74EA0B05D45D}.Release|x64.ActiveCfg = Release|x64
		{9E518C87-F319-4756-BFA8-74EA0B05D45D}.Release|x64.Build.0 = Release|x64
		{9E518C87-F319-4756-BFA8-74EA0B05D45D}.Release|x86.ActiveCfg = Release|Win32
		{9E518C87-F319-4756-BFA8-74EA0B05D45D}.Release|x86.Build.0 = Release|Win32
		{CD370587-BEAE-4FC2-8A4E-D192BDCDD28C}.Debug|x64.ActiveCfg = Debug|x64
		{CD370587-BEAE-4FC2-8A4E-D192BDCDD28C}.Debug|x64.Build.0 = Debug|x64
		{CD370587-BEAE-4FC2-8A4E-D192BDCDD28C}.Debug|x86.ActiveCfg = Debug|Win32
		{CD370587-BEAE-4FC2-8A4E-D192BDCDD28C}.Debug|x86.Build.0 = Debug|Win32
		{CD370587-BEAE-4FC2-8A4E-D192BDCDD28C}.Release|x64.ActiveCfg = Release|x64
		{CD370587-BEAE-4FC2-8A4E-D192BDCDD28C}.Release|x64.Build.0 = Release|x64
		{CD370587-BEAE-4FC2-8A4E-D192BDCDD28C}.Release|x86.ActiveCfg = Release|Win32
		{CD370587-BEAE-4FC2-8A4E-D192BDCDD28C}.Release|x86.Build.0 = Release|Win32
		{35C26921-2887-4727-9971-688EB8041B6D}.Debug|x64.ActiveCfg = Debug|x64
		{35C26921-2887-4727-9971-688EB8041B6D}.Debug|x64.Build.0 = Debug|x64
		{35C26921-2887-4727-9971-688EB8041B6D}.Debug|x86.ActiveCfg = Debug|Win32
		{35C26921-2887-4727-9971-688EB8041B6D}.Debug|x86.Build.0 = Debug|Win32
		{35C26921-2887-4727-9971-688EB8041B6D}.Release|x64.ActiveCfg = Release|x64
		{35C26921-2887-4727-9971-688EB8041B6D}.Release|x64.Build.0 = Release|x64
		{35C26921-2887-4727-9971-688EB8041B6D}.Release|x86.ActiveCfg = Release|Win32
		{35C26921-2887-4727-9971-688EB8041B6D}.Release|x86.Build.0 = Release|Win32
	EndGlobalSection
	GlobalSection(SolutionProperties) = preSolution
		HideSolutionNode = FALSE
	EndGlobalSection
	GlobalSection(ExtensibilityGlobals) = postSolution
		SolutionGuid = {107DA049-2E4D-47CC-A983-677290748D0A}
	EndGlobalSection
EndGlobal
