
Microsoft Visual Studio Solution File, Format Version 12.00
# Visual Studio 15
VisualStudioVersion = 15.0.28307.757
MinimumVisualStudioVersion = 10.0.40219.1
Project("{8BC9CEB8-8B4A-11D0-8D11-00A0C91BC942}") = "6_1if", "learn_C++_charpter6\learn_C++_charpter6.vcxproj", "{3B03D13B-1201-4985-9F64-7DC87398483F}"
EndProject
Project("{8BC9CEB8-8B4A-11D0-8D11-00A0C91BC942}") = "6_2ifelse", "6_2ifelse\6_2ifelse.vcxproj", "{1920E22A-2D07-470B-B3C5-A28D6797F00B}"
EndProject
Project("{8BC9CEB8-8B4A-11D0-8D11-00A0C91BC942}") = "6_3ifelseif", "6_3ifelseif\6_3ifelseif.vcxproj", "{718F6CE1-C0C6-4927-ACE1-C7451C989C28}"
EndProject
Project("{8BC9CEB8-8B4A-11D0-8D11-00A0C91BC942}") = "6_4or", "6_4or\6_4or.vcxproj", "{2AB951CF-6620-4937-A9AA-47A2AE5CF3E4}"
EndProject
Project("{8BC9CEB8-8B4A-11D0-8D11-00A0C91BC942}") = "6_5and", "6_5and\6_5and.vcxproj", "{A5238AD4-CB38-4B43-AD56-4C1E3D9A4CA3}"
EndProject
Project("{8BC9CEB8-8B4A-11D0-8D11-00A0C91BC942}") = "6_6more_and", "6_6more_and\6_6more_and.vcxproj", "{87709A7B-7E30-4205-9505-1B5971CE990A}"
EndProject
Project("{8BC9CEB8-8B4A-11D0-8D11-00A0C91BC942}") = "6_7not", "6_7not\6_7not.vcxproj", "{F00F2420-3BBF-4FF5-A346-A0D7A511B48F}"
EndProject
Project("{8BC9CEB8-8B4A-11D0-8D11-00A0C91BC942}") = "6_8cctypes", "6_8cctypes\6_8cctypes.vcxproj", "{93178C48-2C2D-46BE-9F71-A9223D75AFCD}"
EndProject
Project("{8BC9CEB8-8B4A-11D0-8D11-00A0C91BC942}") = "6_9condit", "6_9condit\6_9condit.vcxproj", "{31622781-8352-45F8-BD47-D5F8D81EB5F1}"
EndProject
Project("{8BC9CEB8-8B4A-11D0-8D11-00A0C91BC942}") = "6_10switch", "6_10switch\6_10switch.vcxproj", "{C39EDA84-652B-47EC-BEE1-7B0AB9671D65}"
EndProject
Project("{8BC9CEB8-8B4A-11D0-8D11-00A0C91BC942}") = "6_11enum", "6_11enum\6_11enum.vcxproj", "{0EB3983D-C520-4484-8690-77A508D5C9DB}"
EndProject
Project("{8BC9CEB8-8B4A-11D0-8D11-00A0C91BC942}") = "6_12jump", "6_12jump\6_12jump.vcxproj", "{3132DBCA-4E79-4DA7-BFD4-83FDA4B1D4D4}"
EndProject
Project("{8BC9CEB8-8B4A-11D0-8D11-00A0C91BC942}") = "6_13cinfish", "6_13cinfish\6_13cinfish.vcxproj", "{0FE9932D-8214-4A4A-B115-0D97D6F32AD1}"
EndProject
Project("{8BC9CEB8-8B4A-11D0-8D11-00A0C91BC942}") = "6_14cingolf", "6_14cingolf\6_14cingolf.vcxproj", "{F77A4D12-B358-4CC4-8113-9C48B17D9EC5}"
EndProject
Project("{8BC9CEB8-8B4A-11D0-8D11-00A0C91BC942}") = "6_15outfile", "6_15outfile\6_15outfile.vcxproj", "{09425AF5-63EA-4297-8780-1EA04EF59851}"
EndProject
Project("{8BC9CEB8-8B4A-11D0-8D11-00A0C91BC942}") = "6_16sumafile", "6_16sumafile\6_16sumafile.vcxproj", "{2E77D576-372D-4F05-A8ED-E99D89E7B460}"
EndProject
Project("{8BC9CEB8-8B4A-11D0-8D11-00A0C91BC942}") = "test", "test\test.vcxproj", "{CC42BA37-58FC-4A51-A988-A2372BD39697}"
EndProject
Project("{8BC9CEB8-8B4A-11D0-8D11-00A0C91BC942}") = "test1", "test1\test1.vcxproj", "{BFC5B23C-D97C-4101-B080-19979434B98D}"
EndProject
Project("{8BC9CEB8-8B4A-11D0-8D11-00A0C91BC942}") = "test2", "test2\test2.vcxproj", "{510D0EC8-690D-46FB-B146-0A6884192EC9}"
EndProject
Project("{8BC9CEB8-8B4A-11D0-8D11-00A0C91BC942}") = "test3", "test3\test3.vcxproj", "{C7639AF4-22FB-43E9-B453-D70E3D7D1BBB}"
EndProject
Project("{8BC9CEB8-8B4A-11D0-8D11-00A0C91BC942}") = "test4", "test4\test4.vcxproj", "{A12740FF-0EE7-4045-97FA-B9024B6D4FA7}"
EndProject
Project("{8BC9CEB8-8B4A-11D0-8D11-00A0C91BC942}") = "test5", "test5\test5.vcxproj", "{74D9112A-B49F-4B52-89E4-78BDDA8D0839}"
EndProject
Project("{8BC9CEB8-8B4A-11D0-8D11-00A0C91BC942}") = "test6", "test6\test6.vcxproj", "{4C93DA6D-E72F-4A33-B011-FA4128B1DE64}"
EndProject
Project("{8BC9CEB8-8B4A-11D0-8D11-00A0C91BC942}") = "test7", "test7\test7.vcxproj", "{361E8D9C-61C3-42F3-875F-68163844D857}"
EndProject
Project("{8BC9CEB8-8B4A-11D0-8D11-00A0C91BC942}") = "test8", "test8\test8.vcxproj", "{3749C980-167E-4A4D-83FF-899AA217223A}"
EndProject
Global
	GlobalSection(SolutionConfigurationPlatforms) = preSolution
		Debug|x64 = Debug|x64
		Debug|x86 = Debug|x86
		Release|x64 = Release|x64
		Release|x86 = Release|x86
	EndGlobalSection
	GlobalSection(ProjectConfigurationPlatforms) = postSolution
		{3B03D13B-1201-4985-9F64-7DC87398483F}.Debug|x64.ActiveCfg = Debug|x64
		{3B03D13B-1201-4985-9F64-7DC87398483F}.Debug|x64.Build.0 = Debug|x64
		{3B03D13B-1201-4985-9F64-7DC87398483F}.Debug|x86.ActiveCfg = Debug|Win32
		{3B03D13B-1201-4985-9F64-7DC87398483F}.Debug|x86.Build.0 = Debug|Win32
		{3B03D13B-1201-4985-9F64-7DC87398483F}.Release|x64.ActiveCfg = Release|x64
		{3B03D13B-1201-4985-9F64-7DC87398483F}.Release|x64.Build.0 = Release|x64
		{3B03D13B-1201-4985-9F64-7DC87398483F}.Release|x86.ActiveCfg = Release|Win32
		{3B03D13B-1201-4985-9F64-7DC87398483F}.Release|x86.Build.0 = Release|Win32
		{1920E22A-2D07-470B-B3C5-A28D6797F00B}.Debug|x64.ActiveCfg = Debug|x64
		{1920E22A-2D07-470B-B3C5-A28D6797F00B}.Debug|x64.Build.0 = Debug|x64
		{1920E22A-2D07-470B-B3C5-A28D6797F00B}.Debug|x86.ActiveCfg = Debug|Win32
		{1920E22A-2D07-470B-B3C5-A28D6797F00B}.Debug|x86.Build.0 = Debug|Win32
		{1920E22A-2D07-470B-B3C5-A28D6797F00B}.Release|x64.ActiveCfg = Release|x64
		{1920E22A-2D07-470B-B3C5-A28D6797F00B}.Release|x64.Build.0 = Release|x64
		{1920E22A-2D07-470B-B3C5-A28D6797F00B}.Release|x86.ActiveCfg = Release|Win32
		{1920E22A-2D07-470B-B3C5-A28D6797F00B}.Release|x86.Build.0 = Release|Win32
		{718F6CE1-C0C6-4927-ACE1-C7451C989C28}.Debug|x64.ActiveCfg = Debug|x64
		{718F6CE1-C0C6-4927-ACE1-C7451C989C28}.Debug|x64.Build.0 = Debug|x64
		{718F6CE1-C0C6-4927-ACE1-C7451C989C28}.Debug|x86.ActiveCfg = Debug|Win32
		{718F6CE1-C0C6-4927-ACE1-C7451C989C28}.Debug|x86.Build.0 = Debug|Win32
		{718F6CE1-C0C6-4927-ACE1-C7451C989C28}.Release|x64.ActiveCfg = Release|x64
		{718F6CE1-C0C6-4927-ACE1-C7451C989C28}.Release|x64.Build.0 = Release|x64
		{718F6CE1-C0C6-4927-ACE1-C7451C989C28}.Release|x86.ActiveCfg = Release|Win32
		{718F6CE1-C0C6-4927-ACE1-C7451C989C28}.Release|x86.Build.0 = Release|Win32
		{2AB951CF-6620-4937-A9AA-47A2AE5CF3E4}.Debug|x64.ActiveCfg = Debug|x64
		{2AB951CF-6620-4937-A9AA-47A2AE5CF3E4}.Debug|x64.Build.0 = Debug|x64
		{2AB951CF-6620-4937-A9AA-47A2AE5CF3E4}.Debug|x86.ActiveCfg = Debug|Win32
		{2AB951CF-6620-4937-A9AA-47A2AE5CF3E4}.Debug|x86.Build.0 = Debug|Win32
		{2AB951CF-6620-4937-A9AA-47A2AE5CF3E4}.Release|x64.ActiveCfg = Release|x64
		{2AB951CF-6620-4937-A9AA-47A2AE5CF3E4}.Release|x64.Build.0 = Release|x64
		{2AB951CF-6620-4937-A9AA-47A2AE5CF3E4}.Release|x86.ActiveCfg = Release|Win32
		{2AB951CF-6620-4937-A9AA-47A2AE5CF3E4}.Release|x86.Build.0 = Release|Win32
		{A5238AD4-CB38-4B43-AD56-4C1E3D9A4CA3}.Debug|x64.ActiveCfg = Debug|x64
		{A5238AD4-CB38-4B43-AD56-4C1E3D9A4CA3}.Debug|x64.Build.0 = Debug|x64
		{A5238AD4-CB38-4B43-AD56-4C1E3D9A4CA3}.Debug|x86.ActiveCfg = Debug|Win32
		{A5238AD4-CB38-4B43-AD56-4C1E3D9A4CA3}.Debug|x86.Build.0 = Debug|Win32
		{A5238AD4-CB38-4B43-AD56-4C1E3D9A4CA3}.Release|x64.ActiveCfg = Release|x64
		{A5238AD4-CB38-4B43-AD56-4C1E3D9A4CA3}.Release|x64.Build.0 = Release|x64
		{A5238AD4-CB38-4B43-AD56-4C1E3D9A4CA3}.Release|x86.ActiveCfg = Release|Win32
		{A5238AD4-CB38-4B43-AD56-4C1E3D9A4CA3}.Release|x86.Build.0 = Release|Win32
		{87709A7B-7E30-4205-9505-1B5971CE990A}.Debug|x64.ActiveCfg = Debug|x64
		{87709A7B-7E30-4205-9505-1B5971CE990A}.Debug|x64.Build.0 = Debug|x64
		{87709A7B-7E30-4205-9505-1B5971CE990A}.Debug|x86.ActiveCfg = Debug|Win32
		{87709A7B-7E30-4205-9505-1B5971CE990A}.Debug|x86.Build.0 = Debug|Win32
		{87709A7B-7E30-4205-9505-1B5971CE990A}.Release|x64.ActiveCfg = Release|x64
		{87709A7B-7E30-4205-9505-1B5971CE990A}.Release|x64.Build.0 = Release|x64
		{87709A7B-7E30-4205-9505-1B5971CE990A}.Release|x86.ActiveCfg = Release|Win32
		{87709A7B-7E30-4205-9505-1B5971CE990A}.Release|x86.Build.0 = Release|Win32
		{F00F2420-3BBF-4FF5-A346-A0D7A511B48F}.Debug|x64.ActiveCfg = Debug|x64
		{F00F2420-3BBF-4FF5-A346-A0D7A511B48F}.Debug|x64.Build.0 = Debug|x64
		{F00F2420-3BBF-4FF5-A346-A0D7A511B48F}.Debug|x86.ActiveCfg = Debug|Win32
		{F00F2420-3BBF-4FF5-A346-A0D7A511B48F}.Debug|x86.Build.0 = Debug|Win32
		{F00F2420-3BBF-4FF5-A346-A0D7A511B48F}.Release|x64.ActiveCfg = Release|x64
		{F00F2420-3BBF-4FF5-A346-A0D7A511B48F}.Release|x64.Build.0 = Release|x64
		{F00F2420-3BBF-4FF5-A346-A0D7A511B48F}.Release|x86.ActiveCfg = Release|Win32
		{F00F2420-3BBF-4FF5-A346-A0D7A511B48F}.Release|x86.Build.0 = Release|Win32
		{93178C48-2C2D-46BE-9F71-A9223D75AFCD}.Debug|x64.ActiveCfg = Debug|x64
		{93178C48-2C2D-46BE-9F71-A9223D75AFCD}.Debug|x64.Build.0 = Debug|x64
		{93178C48-2C2D-46BE-9F71-A9223D75AFCD}.Debug|x86.ActiveCfg = Debug|Win32
		{93178C48-2C2D-46BE-9F71-A9223D75AFCD}.Debug|x86.Build.0 = Debug|Win32
		{93178C48-2C2D-46BE-9F71-A9223D75AFCD}.Release|x64.ActiveCfg = Release|x64
		{93178C48-2C2D-46BE-9F71-A9223D75AFCD}.Release|x64.Build.0 = Release|x64
		{93178C48-2C2D-46BE-9F71-A9223D75AFCD}.Release|x86.ActiveCfg = Release|Win32
		{93178C48-2C2D-46BE-9F71-A9223D75AFCD}.Release|x86.Build.0 = Release|Win32
		{31622781-8352-45F8-BD47-D5F8D81EB5F1}.Debug|x64.ActiveCfg = Debug|x64
		{31622781-8352-45F8-BD47-D5F8D81EB5F1}.Debug|x64.Build.0 = Debug|x64
		{31622781-8352-45F8-BD47-D5F8D81EB5F1}.Debug|x86.ActiveCfg = Debug|Win32
		{31622781-8352-45F8-BD47-D5F8D81EB5F1}.Debug|x86.Build.0 = Debug|Win32
		{31622781-8352-45F8-BD47-D5F8D81EB5F1}.Release|x64.ActiveCfg = Release|x64
		{31622781-8352-45F8-BD47-D5F8D81EB5F1}.Release|x64.Build.0 = Release|x64
		{31622781-8352-45F8-BD47-D5F8D81EB5F1}.Release|x86.ActiveCfg = Release|Win32
		{31622781-8352-45F8-BD47-D5F8D81EB5F1}.Release|x86.Build.0 = Release|Win32
		{C39EDA84-652B-47EC-BEE1-7B0AB9671D65}.Debug|x64.ActiveCfg = Debug|x64
		{C39EDA84-652B-47EC-BEE1-7B0AB9671D65}.Debug|x64.Build.0 = Debug|x64
		{C39EDA84-652B-47EC-BEE1-7B0AB9671D65}.Debug|x86.ActiveCfg = Debug|Win32
		{C39EDA84-652B-47EC-BEE1-7B0AB9671D65}.Debug|x86.Build.0 = Debug|Win32
		{C39EDA84-652B-47EC-BEE1-7B0AB9671D65}.Release|x64.ActiveCfg = Release|x64
		{C39EDA84-652B-47EC-BEE1-7B0AB9671D65}.Release|x64.Build.0 = Release|x64
		{C39EDA84-652B-47EC-BEE1-7B0AB9671D65}.Release|x86.ActiveCfg = Release|Win32
		{C39EDA84-652B-47EC-BEE1-7B0AB9671D65}.Release|x86.Build.0 = Release|Win32
		{0EB3983D-C520-4484-8690-77A508D5C9DB}.Debug|x64.ActiveCfg = Debug|x64
		{0EB3983D-C520-4484-8690-77A508D5C9DB}.Debug|x64.Build.0 = Debug|x64
		{0EB3983D-C520-4484-8690-77A508D5C9DB}.Debug|x86.ActiveCfg = Debug|Win32
		{0EB3983D-C520-4484-8690-77A508D5C9DB}.Debug|x86.Build.0 = Debug|Win32
		{0EB3983D-C520-4484-8690-77A508D5C9DB}.Release|x64.ActiveCfg = Release|x64
		{0EB3983D-C520-4484-8690-77A508D5C9DB}.Release|x64.Build.0 = Release|x64
		{0EB3983D-C520-4484-8690-77A508D5C9DB}.Release|x86.ActiveCfg = Release|Win32
		{0EB3983D-C520-4484-8690-77A508D5C9DB}.Release|x86.Build.0 = Release|Win32
		{3132DBCA-4E79-4DA7-BFD4-83FDA4B1D4D4}.Debug|x64.ActiveCfg = Debug|x64
		{3132DBCA-4E79-4DA7-BFD4-83FDA4B1D4D4}.Debug|x64.Build.0 = Debug|x64
		{3132DBCA-4E79-4DA7-BFD4-83FDA4B1D4D4}.Debug|x86.ActiveCfg = Debug|Win32
		{3132DBCA-4E79-4DA7-BFD4-83FDA4B1D4D4}.Debug|x86.Build.0 = Debug|Win32
		{3132DBCA-4E79-4DA7-BFD4-83FDA4B1D4D4}.Release|x64.ActiveCfg = Release|x64
		{3132DBCA-4E79-4DA7-BFD4-83FDA4B1D4D4}.Release|x64.Build.0 = Release|x64
		{3132DBCA-4E79-4DA7-BFD4-83FDA4B1D4D4}.Release|x86.ActiveCfg = Release|Win32
		{3132DBCA-4E79-4DA7-BFD4-83FDA4B1D4D4}.Release|x86.Build.0 = Release|Win32
		{0FE9932D-8214-4A4A-B115-0D97D6F32AD1}.Debug|x64.ActiveCfg = Debug|x64
		{0FE9932D-8214-4A4A-B115-0D97D6F32AD1}.Debug|x64.Build.0 = Debug|x64
		{0FE9932D-8214-4A4A-B115-0D97D6F32AD1}.Debug|x86.ActiveCfg = Debug|Win32
		{0FE9932D-8214-4A4A-B115-0D97D6F32AD1}.Debug|x86.Build.0 = Debug|Win32
		{0FE9932D-8214-4A4A-B115-0D97D6F32AD1}.Release|x64.ActiveCfg = Release|x64
		{0FE9932D-8214-4A4A-B115-0D97D6F32AD1}.Release|x64.Build.0 = Release|x64
		{0FE9932D-8214-4A4A-B115-0D97D6F32AD1}.Release|x86.ActiveCfg = Release|Win32
		{0FE9932D-8214-4A4A-B115-0D97D6F32AD1}.Release|x86.Build.0 = Release|Win32
		{F77A4D12-B358-4CC4-8113-9C48B17D9EC5}.Debug|x64.ActiveCfg = Debug|x64
		{F77A4D12-B358-4CC4-8113-9C48B17D9EC5}.Debug|x64.Build.0 = Debug|x64
		{F77A4D12-B358-4CC4-8113-9C48B17D9EC5}.Debug|x86.ActiveCfg = Debug|Win32
		{F77A4D12-B358-4CC4-8113-9C48B17D9EC5}.Debug|x86.Build.0 = Debug|Win32
		{F77A4D12-B358-4CC4-8113-9C48B17D9EC5}.Release|x64.ActiveCfg = Release|x64
		{F77A4D12-B358-4CC4-8113-9C48B17D9EC5}.Release|x64.Build.0 = Release|x64
		{F77A4D12-B358-4CC4-8113-9C48B17D9EC5}.Release|x86.ActiveCfg = Release|Win32
		{F77A4D12-B358-4CC4-8113-9C48B17D9EC5}.Release|x86.Build.0 = Release|Win32
		{09425AF5-63EA-4297-8780-1EA04EF59851}.Debug|x64.ActiveCfg = Debug|x64
		{09425AF5-63EA-4297-8780-1EA04EF59851}.Debug|x64.Build.0 = Debug|x64
		{09425AF5-63EA-4297-8780-1EA04EF59851}.Debug|x86.ActiveCfg = Debug|Win32
		{09425AF5-63EA-4297-8780-1EA04EF59851}.Debug|x86.Build.0 = Debug|Win32
		{09425AF5-63EA-4297-8780-1EA04EF59851}.Release|x64.ActiveCfg = Release|x64
		{09425AF5-63EA-4297-8780-1EA04EF59851}.Release|x64.Build.0 = Release|x64
		{09425AF5-63EA-4297-8780-1EA04EF59851}.Release|x86.ActiveCfg = Release|Win32
		{09425AF5-63EA-4297-8780-1EA04EF59851}.Release|x86.Build.0 = Release|Win32
		{2E77D576-372D-4F05-A8ED-E99D89E7B460}.Debug|x64.ActiveCfg = Debug|x64
		{2E77D576-372D-4F05-A8ED-E99D89E7B460}.Debug|x64.Build.0 = Debug|x64
		{2E77D576-372D-4F05-A8ED-E99D89E7B460}.Debug|x86.ActiveCfg = Debug|Win32
		{2E77D576-372D-4F05-A8ED-E99D89E7B460}.Debug|x86.Build.0 = Debug|Win32
		{2E77D576-372D-4F05-A8ED-E99D89E7B460}.Release|x64.ActiveCfg = Release|x64
		{2E77D576-372D-4F05-A8ED-E99D89E7B460}.Release|x64.Build.0 = Release|x64
		{2E77D576-372D-4F05-A8ED-E99D89E7B460}.Release|x86.ActiveCfg = Release|Win32
		{2E77D576-372D-4F05-A8ED-E99D89E7B460}.Release|x86.Build.0 = Release|Win32
		{CC42BA37-58FC-4A51-A988-A2372BD39697}.Debug|x64.ActiveCfg = Debug|x64
		{CC42BA37-58FC-4A51-A988-A2372BD39697}.Debug|x64.Build.0 = Debug|x64
		{CC42BA37-58FC-4A51-A988-A2372BD39697}.Debug|x86.ActiveCfg = Debug|Win32
		{CC42BA37-58FC-4A51-A988-A2372BD39697}.Debug|x86.Build.0 = Debug|Win32
		{CC42BA37-58FC-4A51-A988-A2372BD39697}.Release|x64.ActiveCfg = Release|x64
		{CC42BA37-58FC-4A51-A988-A2372BD39697}.Release|x64.Build.0 = Release|x64
		{CC42BA37-58FC-4A51-A988-A2372BD39697}.Release|x86.ActiveCfg = Release|Win32
		{CC42BA37-58FC-4A51-A988-A2372BD39697}.Release|x86.Build.0 = Release|Win32
		{BFC5B23C-D97C-4101-B080-19979434B98D}.Debug|x64.ActiveCfg = Debug|x64
		{BFC5B23C-D97C-4101-B080-19979434B98D}.Debug|x64.Build.0 = Debug|x64
		{BFC5B23C-D97C-4101-B080-19979434B98D}.Debug|x86.ActiveCfg = Debug|Win32
		{BFC5B23C-D97C-4101-B080-19979434B98D}.Debug|x86.Build.0 = Debug|Win32
		{BFC5B23C-D97C-4101-B080-19979434B98D}.Release|x64.ActiveCfg = Release|x64
		{BFC5B23C-D97C-4101-B080-19979434B98D}.Release|x64.Build.0 = Release|x64
		{BFC5B23C-D97C-4101-B080-19979434B98D}.Release|x86.ActiveCfg = Release|Win32
		{BFC5B23C-D97C-4101-B080-19979434B98D}.Release|x86.Build.0 = Release|Win32
		{510D0EC8-690D-46FB-B146-0A6884192EC9}.Debug|x64.ActiveCfg = Debug|x64
		{510D0EC8-690D-46FB-B146-0A6884192EC9}.Debug|x64.Build.0 = Debug|x64
		{510D0EC8-690D-46FB-B146-0A6884192EC9}.Debug|x86.ActiveCfg = Debug|Win32
		{510D0EC8-690D-46FB-B146-0A6884192EC9}.Debug|x86.Build.0 = Debug|Win32
		{510D0EC8-690D-46FB-B146-0A6884192EC9}.Release|x64.ActiveCfg = Release|x64
		{510D0EC8-690D-46FB-B146-0A6884192EC9}.Release|x64.Build.0 = Release|x64
		{510D0EC8-690D-46FB-B146-0A6884192EC9}.Release|x86.ActiveCfg = Release|Win32
		{510D0EC8-690D-46FB-B146-0A6884192EC9}.Release|x86.Build.0 = Release|Win32
		{C7639AF4-22FB-43E9-B453-D70E3D7D1BBB}.Debug|x64.ActiveCfg = Debug|x64
		{C7639AF4-22FB-43E9-B453-D70E3D7D1BBB}.Debug|x64.Build.0 = Debug|x64
		{C7639AF4-22FB-43E9-B453-D70E3D7D1BBB}.Debug|x86.ActiveCfg = Debug|Win32
		{C7639AF4-22FB-43E9-B453-D70E3D7D1BBB}.Debug|x86.Build.0 = Debug|Win32
		{C7639AF4-22FB-43E9-B453-D70E3D7D1BBB}.Release|x64.ActiveCfg = Release|x64
		{C7639AF4-22FB-43E9-B453-D70E3D7D1BBB}.Release|x64.Build.0 = Release|x64
		{C7639AF4-22FB-43E9-B453-D70E3D7D1BBB}.Release|x86.ActiveCfg = Release|Win32
		{C7639AF4-22FB-43E9-B453-D70E3D7D1BBB}.Release|x86.Build.0 = Release|Win32
		{A12740FF-0EE7-4045-97FA-B9024B6D4FA7}.Debug|x64.ActiveCfg = Debug|x64
		{A12740FF-0EE7-4045-97FA-B9024B6D4FA7}.Debug|x64.Build.0 = Debug|x64
		{A12740FF-0EE7-4045-97FA-B9024B6D4FA7}.Debug|x86.ActiveCfg = Debug|Win32
		{A12740FF-0EE7-4045-97FA-B9024B6D4FA7}.Debug|x86.Build.0 = Debug|Win32
		{A12740FF-0EE7-4045-97FA-B9024B6D4FA7}.Release|x64.ActiveCfg = Release|x64
		{A12740FF-0EE7-4045-97FA-B9024B6D4FA7}.Release|x64.Build.0 = Release|x64
		{A12740FF-0EE7-4045-97FA-B9024B6D4FA7}.Release|x86.ActiveCfg = Release|Win32
		{A12740FF-0EE7-4045-97FA-B9024B6D4FA7}.Release|x86.Build.0 = Release|Win32
		{74D9112A-B49F-4B52-89E4-78BDDA8D0839}.Debug|x64.ActiveCfg = Debug|x64
		{74D9112A-B49F-4B52-89E4-78BDDA8D0839}.Debug|x64.Build.0 = Debug|x64
		{74D9112A-B49F-4B52-89E4-78BDDA8D0839}.Debug|x86.ActiveCfg = Debug|Win32
		{74D9112A-B49F-4B52-89E4-78BDDA8D0839}.Debug|x86.Build.0 = Debug|Win32
		{74D9112A-B49F-4B52-89E4-78BDDA8D0839}.Release|x64.ActiveCfg = Release|x64
		{74D9112A-B49F-4B52-89E4-78BDDA8D0839}.Release|x64.Build.0 = Release|x64
		{74D9112A-B49F-4B52-89E4-78BDDA8D0839}.Release|x86.ActiveCfg = Release|Win32
		{74D9112A-B49F-4B52-89E4-78BDDA8D0839}.Release|x86.Build.0 = Release|Win32
		{4C93DA6D-E72F-4A33-B011-FA4128B1DE64}.Debug|x64.ActiveCfg = Debug|x64
		{4C93DA6D-E72F-4A33-B011-FA4128B1DE64}.Debug|x64.Build.0 = Debug|x64
		{4C93DA6D-E72F-4A33-B011-FA4128B1DE64}.Debug|x86.ActiveCfg = Debug|Win32
		{4C93DA6D-E72F-4A33-B011-FA4128B1DE64}.Debug|x86.Build.0 = Debug|Win32
		{4C93DA6D-E72F-4A33-B011-FA4128B1DE64}.Release|x64.ActiveCfg = Release|x64
		{4C93DA6D-E72F-4A33-B011-FA4128B1DE64}.Release|x64.Build.0 = Release|x64
		{4C93DA6D-E72F-4A33-B011-FA4128B1DE64}.Release|x86.ActiveCfg = Release|Win32
		{4C93DA6D-E72F-4A33-B011-FA4128B1DE64}.Release|x86.Build.0 = Release|Win32
		{361E8D9C-61C3-42F3-875F-68163844D857}.Debug|x64.ActiveCfg = Debug|x64
		{361E8D9C-61C3-42F3-875F-68163844D857}.Debug|x64.Build.0 = Debug|x64
		{361E8D9C-61C3-42F3-875F-68163844D857}.Debug|x86.ActiveCfg = Debug|Win32
		{361E8D9C-61C3-42F3-875F-68163844D857}.Debug|x86.Build.0 = Debug|Win32
		{361E8D9C-61C3-42F3-875F-68163844D857}.Release|x64.ActiveCfg = Release|x64
		{361E8D9C-61C3-42F3-875F-68163844D857}.Release|x64.Build.0 = Release|x64
		{361E8D9C-61C3-42F3-875F-68163844D857}.Release|x86.ActiveCfg = Release|Win32
		{361E8D9C-61C3-42F3-875F-68163844D857}.Release|x86.Build.0 = Release|Win32
		{3749C980-167E-4A4D-83FF-899AA217223A}.Debug|x64.ActiveCfg = Debug|x64
		{3749C980-167E-4A4D-83FF-899AA217223A}.Debug|x64.Build.0 = Debug|x64
		{3749C980-167E-4A4D-83FF-899AA217223A}.Debug|x86.ActiveCfg = Debug|Win32
		{3749C980-167E-4A4D-83FF-899AA217223A}.Debug|x86.Build.0 = Debug|Win32
		{3749C980-167E-4A4D-83FF-899AA217223A}.Release|x64.ActiveCfg = Release|x64
		{3749C980-167E-4A4D-83FF-899AA217223A}.Release|x64.Build.0 = Release|x64
		{3749C980-167E-4A4D-83FF-899AA217223A}.Release|x86.ActiveCfg = Release|Win32
		{3749C980-167E-4A4D-83FF-899AA217223A}.Release|x86.Build.0 = Release|Win32
	EndGlobalSection
	GlobalSection(SolutionProperties) = preSolution
		HideSolutionNode = FALSE
	EndGlobalSection
	GlobalSection(ExtensibilityGlobals) = postSolution
		SolutionGuid = {5BB0CA22-EB22-4F99-AF39-1C753F5C930A}
	EndGlobalSection
EndGlobal
